// !$*UTF8*$!
{
	archiveVersion = 1;
	classes = {
	};
	objectVersion = 46;
	objects = {

/* Begin PBXBuildFile section */
		025FB54D69452E7E0E398251 /* Pods_pyunrihae.framework in Frameworks */ = {isa = PBXBuildFile; fileRef = 4488E201DEAF59744BC95780 /* Pods_pyunrihae.framework */; };
		14F146B434332A2D6E2CFF9B /* Pods_pyunrihaeUITests.framework in Frameworks */ = {isa = PBXBuildFile; fileRef = 40585D3F57E929D9644DF6CD /* Pods_pyunrihaeUITests.framework */; };
		981E932A1F38666E004BE63B /* RankingViewController.swift in Sources */ = {isa = PBXBuildFile; fileRef = 981E93291F38666E004BE63B /* RankingViewController.swift */; };
		981E932C1F386677004BE63B /* ReviewViewController.swift in Sources */ = {isa = PBXBuildFile; fileRef = 981E932B1F386677004BE63B /* ReviewViewController.swift */; };
		981E932E1F386681004BE63B /* MypageViewController.swift in Sources */ = {isa = PBXBuildFile; fileRef = 981E932D1F386681004BE63B /* MypageViewController.swift */; };
		984395861F32F29A0016B67D /* GoogleService-Info.plist in Resources */ = {isa = PBXBuildFile; fileRef = 984395851F32F29A0016B67D /* GoogleService-Info.plist */; };
		9865E4F61F387C7A00014795 /* TabBarViewController.swift in Sources */ = {isa = PBXBuildFile; fileRef = 9865E4F51F387C7A00014795 /* TabBarViewController.swift */; };
		9865E4F81F38801B00014795 /* TabBarView.swift in Sources */ = {isa = PBXBuildFile; fileRef = 9865E4F71F38801B00014795 /* TabBarView.swift */; };
		9865E5021F39390100014795 /* search.png in Resources */ = {isa = PBXBuildFile; fileRef = 9865E5011F39390100014795 /* search.png */; };
		9865E5081F3943BD00014795 /* Button.swift in Sources */ = {isa = PBXBuildFile; fileRef = 9865E5071F3943BD00014795 /* Button.swift */; };
		9865E50E1F394E4600014795 /* MainRankCollectionViewCell.swift in Sources */ = {isa = PBXBuildFile; fileRef = 9865E50D1F394E4600014795 /* MainRankCollectionViewCell.swift */; };
		9865E5101F3957C000014795 /* CategoryScrollView.swift in Sources */ = {isa = PBXBuildFile; fileRef = 9865E50F1F3957C000014795 /* CategoryScrollView.swift */; };
		9865E5141F39A92700014795 /* dropdown.png in Resources */ = {isa = PBXBuildFile; fileRef = 9865E5131F39A92700014795 /* dropdown.png */; };
		9865E5161F39AD8100014795 /* ReviewCollectionViewCell.swift in Sources */ = {isa = PBXBuildFile; fileRef = 9865E5151F39AD8100014795 /* ReviewCollectionViewCell.swift */; };
		9865E5181F39C2A000014795 /* stars.png in Resources */ = {isa = PBXBuildFile; fileRef = 9865E5171F39C2A000014795 /* stars.png */; };
		9865E5221F3AD8BE00014795 /* RankingCollectionViewCell.swift in Sources */ = {isa = PBXBuildFile; fileRef = 9865E5211F3AD8BE00014795 /* RankingCollectionViewCell.swift */; };
		9865E5241F3AE04C00014795 /* Label.swift in Sources */ = {isa = PBXBuildFile; fileRef = 9865E5231F3AE04C00014795 /* Label.swift */; };
		9865E5261F3AF2FF00014795 /* right.png in Resources */ = {isa = PBXBuildFile; fileRef = 9865E5251F3AF2FF00014795 /* right.png */; };
		9865E52C1F3AF3EE00014795 /* MypageTableViewCell.swift in Sources */ = {isa = PBXBuildFile; fileRef = 9865E52B1F3AF3EE00014795 /* MypageTableViewCell.swift */; };
		9865E5301F3AFA0300014795 /* ProductDetailViewController.swift in Sources */ = {isa = PBXBuildFile; fileRef = 9865E52F1F3AFA0300014795 /* ProductDetailViewController.swift */; };
		9865E5321F3AFAF500014795 /* bottom.png in Resources */ = {isa = PBXBuildFile; fileRef = 9865E5311F3AFAF500014795 /* bottom.png */; };
		9865E5341F3AFEFE00014795 /* WritingReviewViewController.swift in Sources */ = {isa = PBXBuildFile; fileRef = 9865E5331F3AFEFE00014795 /* WritingReviewViewController.swift */; };
		9865E53A1F3BD81E00014795 /* back.png in Resources */ = {isa = PBXBuildFile; fileRef = 9865E5391F3BD81E00014795 /* back.png */; };
		9865E53C1F3C0BD500014795 /* AllergyViewController.swift in Sources */ = {isa = PBXBuildFile; fileRef = 9865E53B1F3C0BD500014795 /* AllergyViewController.swift */; };
		9865E53E1F3C0C1000014795 /* AllergyTableViewCell.swift in Sources */ = {isa = PBXBuildFile; fileRef = 9865E53D1F3C0C1000014795 /* AllergyTableViewCell.swift */; };
		9865E5401F3C10A400014795 /* check.png in Resources */ = {isa = PBXBuildFile; fileRef = 9865E53F1F3C10A400014795 /* check.png */; };
		9865E5421F3C141C00014795 /* plus.png in Resources */ = {isa = PBXBuildFile; fileRef = 9865E5411F3C141C00014795 /* plus.png */; };
		9865E5441F3C1D4200014795 /* star.png in Resources */ = {isa = PBXBuildFile; fileRef = 9865E5431F3C1D4200014795 /* star.png */; };
		9865E5461F3C434200014795 /* ProductInfoTableViewCell.swift in Sources */ = {isa = PBXBuildFile; fileRef = 9865E5451F3C434200014795 /* ProductInfoTableViewCell.swift */; };
		9865E5481F3C435100014795 /* ProductDetailInfoTableViewCell.swift in Sources */ = {isa = PBXBuildFile; fileRef = 9865E5471F3C435100014795 /* ProductDetailInfoTableViewCell.swift */; };
		9865E54A1F3C436000014795 /* ProductReviewTableViewCell.swift in Sources */ = {isa = PBXBuildFile; fileRef = 9865E5491F3C436000014795 /* ProductReviewTableViewCell.swift */; };
		9865E54E1F3C576D00014795 /* Image.swift in Sources */ = {isa = PBXBuildFile; fileRef = 9865E54D1F3C576D00014795 /* Image.swift */; };
		9865E5541F3D351B00014795 /* PhotoCollectionViewCell.swift in Sources */ = {isa = PBXBuildFile; fileRef = 9865E5531F3D351B00014795 /* PhotoCollectionViewCell.swift */; };
		9865E55A1F3D837200014795 /* SelectedProduct.swift in Sources */ = {isa = PBXBuildFile; fileRef = 9865E5591F3D837200014795 /* SelectedProduct.swift */; };
		9865E55C1F417E2000014795 /* SelectedAllergy.swift in Sources */ = {isa = PBXBuildFile; fileRef = 9865E55B1F417E2000014795 /* SelectedAllergy.swift */; };
		9865E56C1F42E55E00014795 /* BigImageViewController.swift in Sources */ = {isa = PBXBuildFile; fileRef = 9865E56B1F42E55E00014795 /* BigImageViewController.swift */; };
		98768AA01F39A5D600654C19 /* DataManager.swift in Sources */ = {isa = PBXBuildFile; fileRef = 98C5AAD71F342C3900610115 /* DataManager.swift */; };
		98B73F861F39394500E55420 /* Review.swift in Sources */ = {isa = PBXBuildFile; fileRef = 98B73F851F39394500E55420 /* Review.swift */; };
		98B73F881F394CAB00E55420 /* Product.swift in Sources */ = {isa = PBXBuildFile; fileRef = 98B73F871F394CAB00E55420 /* Product.swift */; };
		98B82EDC1F45352A001C63A4 /* Validator.swift in Sources */ = {isa = PBXBuildFile; fileRef = 98B82EDB1F45352A001C63A4 /* Validator.swift */; };
		98B82EDE1F45748D001C63A4 /* User.swift in Sources */ = {isa = PBXBuildFile; fileRef = 98B82EDD1F45748D001C63A4 /* User.swift */; };
		98C5AACE1F33FAE800610115 /* MainViewController.swift in Sources */ = {isa = PBXBuildFile; fileRef = 98C5AACD1F33FAE800610115 /* MainViewController.swift */; };
		98CBA0B61F458AFC003D0370 /* ic_user.png in Resources */ = {isa = PBXBuildFile; fileRef = 98CBA0B51F458AFC003D0370 /* ic_user.png */; };
		98CBA0B81F458BA8003D0370 /* back_right.png in Resources */ = {isa = PBXBuildFile; fileRef = 98CBA0B71F458BA8003D0370 /* back_right.png */; };
		98CBA0BA1F458DC1003D0370 /* LoginViewController.swift in Sources */ = {isa = PBXBuildFile; fileRef = 98CBA0B91F458DC1003D0370 /* LoginViewController.swift */; };
		98CBA0BD1F458E87003D0370 /* ic_login_disabled.png in Resources */ = {isa = PBXBuildFile; fileRef = 98CBA0BB1F458E87003D0370 /* ic_login_disabled.png */; };
		98CBA0BE1F458E87003D0370 /* ic_login_enabled.png in Resources */ = {isa = PBXBuildFile; fileRef = 98CBA0BC1F458E87003D0370 /* ic_login_enabled.png */; };
		98CBA0C01F466919003D0370 /* ic_review_write.png in Resources */ = {isa = PBXBuildFile; fileRef = 98CBA0BF1F466919003D0370 /* ic_review_write.png */; };
		98CBA0C21F467E7D003D0370 /* ic_add.png in Resources */ = {isa = PBXBuildFile; fileRef = 98CBA0C11F467E7D003D0370 /* ic_add.png */; };
		98CBA0C41F467EE5003D0370 /* ic_dropdown.png in Resources */ = {isa = PBXBuildFile; fileRef = 98CBA0C31F467EE5003D0370 /* ic_dropdown.png */; };
		98CBA0C61F467FE0003D0370 /* ic_check.png in Resources */ = {isa = PBXBuildFile; fileRef = 98CBA0C51F467FE0003D0370 /* ic_check.png */; };
		98CBA0C91F468196003D0370 /* ic_star_filled.png in Resources */ = {isa = PBXBuildFile; fileRef = 98CBA0C71F468196003D0370 /* ic_star_filled.png */; };
		98CBA0CA1F468196003D0370 /* ic_star.png in Resources */ = {isa = PBXBuildFile; fileRef = 98CBA0C81F468196003D0370 /* ic_star.png */; };
		98CBA0CD1F468536003D0370 /* ic_like_filled.png in Resources */ = {isa = PBXBuildFile; fileRef = 98CBA0CB1F468536003D0370 /* ic_like_filled.png */; };
		98CBA0CE1F468536003D0370 /* ic_like.png in Resources */ = {isa = PBXBuildFile; fileRef = 98CBA0CC1F468536003D0370 /* ic_like.png */; };
		98CBA0D01F469E6C003D0370 /* ic_default.png in Resources */ = {isa = PBXBuildFile; fileRef = 98CBA0CF1F469E6B003D0370 /* ic_default.png */; };
		98CBA0D21F46AF3B003D0370 /* ic_nickname.png in Resources */ = {isa = PBXBuildFile; fileRef = 98CBA0D11F46AF3B003D0370 /* ic_nickname.png */; };
		98CBA0D41F4ACA73003D0370 /* UpdateNicknameViewController.swift in Sources */ = {isa = PBXBuildFile; fileRef = 98CBA0D31F4ACA73003D0370 /* UpdateNicknameViewController.swift */; };
		98CBA0D61F4AE17B003D0370 /* ic_common.png in Resources */ = {isa = PBXBuildFile; fileRef = 98CBA0D51F4AE17B003D0370 /* ic_common.png */; };
		98D569121F46ABC7002693E9 /* user_default.png in Resources */ = {isa = PBXBuildFile; fileRef = 98D569111F46ABC7002693E9 /* user_default.png */; };
		98D839081F452DF200CDF699 /* bg_login2.png in Resources */ = {isa = PBXBuildFile; fileRef = 98D839071F452DF200CDF699 /* bg_login2.png */; };
		98D8390A1F452E6200CDF699 /* ic_pyunrihae.png in Resources */ = {isa = PBXBuildFile; fileRef = 98D839091F452E6200CDF699 /* ic_pyunrihae.png */; };
		98D9F2DF1F418DF3009D0E10 /* LICENSE in Resources */ = {isa = PBXBuildFile; fileRef = 98D9F2CE1F418DF3009D0E10 /* LICENSE */; };
		98D9F2E01F418DF3009D0E10 /* README.md in Sources */ = {isa = PBXBuildFile; fileRef = 98D9F2CF1F418DF3009D0E10 /* README.md */; };
		98D9F2E11F418DF3009D0E10 /* Objectification.swift in Sources */ = {isa = PBXBuildFile; fileRef = 98D9F2D11F418DF3009D0E10 /* Objectification.swift */; };
		98D9F2E21F418DF3009D0E10 /* YNCategoryButton.swift in Sources */ = {isa = PBXBuildFile; fileRef = 98D9F2D21F418DF3009D0E10 /* YNCategoryButton.swift */; };
		98D9F2E31F418DF3009D0E10 /* YNSearch.swift in Sources */ = {isa = PBXBuildFile; fileRef = 98D9F2D31F418DF3009D0E10 /* YNSearch.swift */; };
		98D9F2E41F418DF3009D0E10 /* YNSearch.xcassets in Resources */ = {isa = PBXBuildFile; fileRef = 98D9F2D41F418DF3009D0E10 /* YNSearch.xcassets */; };
		98D9F2E51F418DF3009D0E10 /* YNSearchDelegate.swift in Sources */ = {isa = PBXBuildFile; fileRef = 98D9F2D51F418DF3009D0E10 /* YNSearchDelegate.swift */; };
		98D9F2E61F418DF3009D0E10 /* YNSearchExtension.swift in Sources */ = {isa = PBXBuildFile; fileRef = 98D9F2D61F418DF3009D0E10 /* YNSearchExtension.swift */; };
		98D9F2E71F418DF3009D0E10 /* YNSearchHistoryButton.swift in Sources */ = {isa = PBXBuildFile; fileRef = 98D9F2D71F418DF3009D0E10 /* YNSearchHistoryButton.swift */; };
		98D9F2E81F418DF3009D0E10 /* YNSearchListView.swift in Sources */ = {isa = PBXBuildFile; fileRef = 98D9F2D81F418DF3009D0E10 /* YNSearchListView.swift */; };
		98D9F2E91F418DF3009D0E10 /* YNSearchListViewCell.swift in Sources */ = {isa = PBXBuildFile; fileRef = 98D9F2D91F418DF3009D0E10 /* YNSearchListViewCell.swift */; };
		98D9F2EA1F418DF3009D0E10 /* YNSearchMainView.swift in Sources */ = {isa = PBXBuildFile; fileRef = 98D9F2DA1F418DF3009D0E10 /* YNSearchMainView.swift */; };
		98D9F2EB1F418DF3009D0E10 /* YNSearchModel.swift in Sources */ = {isa = PBXBuildFile; fileRef = 98D9F2DB1F418DF3009D0E10 /* YNSearchModel.swift */; };
		98D9F2EC1F418DF3009D0E10 /* YNSearchTextField.swift in Sources */ = {isa = PBXBuildFile; fileRef = 98D9F2DC1F418DF3009D0E10 /* YNSearchTextField.swift */; };
		98D9F2ED1F418DF3009D0E10 /* YNSearchView.swift in Sources */ = {isa = PBXBuildFile; fileRef = 98D9F2DD1F418DF3009D0E10 /* YNSearchView.swift */; };
		98D9F2EE1F418DF3009D0E10 /* YNSearchViewController.swift in Sources */ = {isa = PBXBuildFile; fileRef = 98D9F2DE1F418DF3009D0E10 /* YNSearchViewController.swift */; };
		98DED89B1F41729100CC4D63 /* SearchViewController.swift in Sources */ = {isa = PBXBuildFile; fileRef = 98DED89A1F41729100CC4D63 /* SearchViewController.swift */; };
		98DED89C1F41732700CC4D63 /* Main.storyboard in Resources */ = {isa = PBXBuildFile; fileRef = 98F172ED1F32EDB70044FD0D /* Main.storyboard */; };
		98F172EA1F32EDB70044FD0D /* AppDelegate.swift in Sources */ = {isa = PBXBuildFile; fileRef = 98F172E91F32EDB70044FD0D /* AppDelegate.swift */; };
		98F172F11F32EDB70044FD0D /* Assets.xcassets in Resources */ = {isa = PBXBuildFile; fileRef = 98F172F01F32EDB70044FD0D /* Assets.xcassets */; };
		98F172F41F32EDB70044FD0D /* LaunchScreen.storyboard in Resources */ = {isa = PBXBuildFile; fileRef = 98F172F21F32EDB70044FD0D /* LaunchScreen.storyboard */; };
		98F172FF1F32EDB70044FD0D /* pyunrihaeTests.swift in Sources */ = {isa = PBXBuildFile; fileRef = 98F172FE1F32EDB70044FD0D /* pyunrihaeTests.swift */; };
		98F1730A1F32EDB70044FD0D /* pyunrihaeUITests.swift in Sources */ = {isa = PBXBuildFile; fileRef = 98F173091F32EDB70044FD0D /* pyunrihaeUITests.swift */; };
		98F865831F43FB1A00C2F333 /* star1.png in Resources */ = {isa = PBXBuildFile; fileRef = 98F8657E1F43FB1A00C2F333 /* star1.png */; };
		98F865841F43FB1A00C2F333 /* star2.png in Resources */ = {isa = PBXBuildFile; fileRef = 98F8657F1F43FB1A00C2F333 /* star2.png */; };
		98F865851F43FB1A00C2F333 /* star3.png in Resources */ = {isa = PBXBuildFile; fileRef = 98F865801F43FB1A00C2F333 /* star3.png */; };
		98F865861F43FB1A00C2F333 /* star4.png in Resources */ = {isa = PBXBuildFile; fileRef = 98F865811F43FB1A00C2F333 /* star4.png */; };
		98F865871F43FB1A00C2F333 /* star5.png in Resources */ = {isa = PBXBuildFile; fileRef = 98F865821F43FB1A00C2F333 /* star5.png */; };
		98F8658B1F44021000C2F333 /* logo_cu.png in Resources */ = {isa = PBXBuildFile; fileRef = 98F865881F44021000C2F333 /* logo_cu.png */; };
		98F8658C1F44021000C2F333 /* logo_7eleven.png in Resources */ = {isa = PBXBuildFile; fileRef = 98F865891F44021000C2F333 /* logo_7eleven.png */; };
		98F8658D1F44021000C2F333 /* logo_gs25.png in Resources */ = {isa = PBXBuildFile; fileRef = 98F8658A1F44021000C2F333 /* logo_gs25.png */; };
		98F865961F4407A700C2F333 /* ic_home_selected.png in Resources */ = {isa = PBXBuildFile; fileRef = 98F8658E1F4407A700C2F333 /* ic_home_selected.png */; };
		98F865971F4407A700C2F333 /* ic_home.png in Resources */ = {isa = PBXBuildFile; fileRef = 98F8658F1F4407A700C2F333 /* ic_home.png */; };
		98F865981F4407A700C2F333 /* ic_my_selected.png in Resources */ = {isa = PBXBuildFile; fileRef = 98F865901F4407A700C2F333 /* ic_my_selected.png */; };
		98F865991F4407A700C2F333 /* ic_my.png in Resources */ = {isa = PBXBuildFile; fileRef = 98F865911F4407A700C2F333 /* ic_my.png */; };
		98F8659A1F4407A700C2F333 /* ic_ranking_selected.png in Resources */ = {isa = PBXBuildFile; fileRef = 98F865921F4407A700C2F333 /* ic_ranking_selected.png */; };
		98F8659B1F4407A700C2F333 /* ic_ranking.png in Resources */ = {isa = PBXBuildFile; fileRef = 98F865931F4407A700C2F333 /* ic_ranking.png */; };
		98F8659C1F4407A700C2F333 /* ic_review_selected.png in Resources */ = {isa = PBXBuildFile; fileRef = 98F865941F4407A700C2F333 /* ic_review_selected.png */; };
		98F8659D1F4407A700C2F333 /* ic_review.png in Resources */ = {isa = PBXBuildFile; fileRef = 98F865951F4407A700C2F333 /* ic_review.png */; };
		98F865A11F442A3000C2F333 /* ic_login.png in Resources */ = {isa = PBXBuildFile; fileRef = 98F8659E1F442A3000C2F333 /* ic_login.png */; };
		98F865A21F442A3000C2F333 /* ic_emailsignup.png in Resources */ = {isa = PBXBuildFile; fileRef = 98F8659F1F442A3000C2F333 /* ic_emailsignup.png */; };
		98F865A31F442A3000C2F333 /* bg_login.png in Resources */ = {isa = PBXBuildFile; fileRef = 98F865A01F442A3000C2F333 /* bg_login.png */; };
		98F865A51F442B3800C2F333 /* LoginSignUpViewController.swift in Sources */ = {isa = PBXBuildFile; fileRef = 98F865A41F442B3800C2F333 /* LoginSignUpViewController.swift */; };
		98F865A71F442EE100C2F333 /* ic_close.png in Resources */ = {isa = PBXBuildFile; fileRef = 98F865A61F442EE100C2F333 /* ic_close.png */; };
		98F865A91F442F8700C2F333 /* ic_mail.png in Resources */ = {isa = PBXBuildFile; fileRef = 98F865A81F442F8700C2F333 /* ic_mail.png */; };
		98F865AB1F442F8B00C2F333 /* ic_password.png in Resources */ = {isa = PBXBuildFile; fileRef = 98F865AA1F442F8B00C2F333 /* ic_password.png */; };
		98F865AD1F44317C00C2F333 /* ic_close_gray.png in Resources */ = {isa = PBXBuildFile; fileRef = 98F865AC1F44317C00C2F333 /* ic_close_gray.png */; };
		98F865B01F44340E00C2F333 /* ic_complete_enabled.png in Resources */ = {isa = PBXBuildFile; fileRef = 98F865AE1F44340E00C2F333 /* ic_complete_enabled.png */; };
		98F865B11F44340E00C2F333 /* ic_complete.png in Resources */ = {isa = PBXBuildFile; fileRef = 98F865AF1F44340E00C2F333 /* ic_complete.png */; };
		98F865B31F4434F800C2F333 /* SignupViewController.swift in Sources */ = {isa = PBXBuildFile; fileRef = 98F865B21F4434F800C2F333 /* SignupViewController.swift */; };
		9C668EF8CEE8D438D3632CC9 /* Pods_pyunrihaeTests.framework in Frameworks */ = {isa = PBXBuildFile; fileRef = 1319BEB880E29049AC8F0515 /* Pods_pyunrihaeTests.framework */; };
/* End PBXBuildFile section */

/* Begin PBXContainerItemProxy section */
		98F172FB1F32EDB70044FD0D /* PBXContainerItemProxy */ = {
			isa = PBXContainerItemProxy;
			containerPortal = 98F172DE1F32EDB70044FD0D /* Project object */;
			proxyType = 1;
			remoteGlobalIDString = 98F172E51F32EDB70044FD0D;
			remoteInfo = pyunrihae;
		};
		98F173061F32EDB70044FD0D /* PBXContainerItemProxy */ = {
			isa = PBXContainerItemProxy;
			containerPortal = 98F172DE1F32EDB70044FD0D /* Project object */;
			proxyType = 1;
			remoteGlobalIDString = 98F172E51F32EDB70044FD0D;
			remoteInfo = pyunrihae;
		};
/* End PBXContainerItemProxy section */

/* Begin PBXFileReference section */
		1319BEB880E29049AC8F0515 /* Pods_pyunrihaeTests.framework */ = {isa = PBXFileReference; explicitFileType = wrapper.framework; includeInIndex = 0; path = Pods_pyunrihaeTests.framework; sourceTree = BUILT_PRODUCTS_DIR; };
		1B085AE2D2B3D6AD37BF1C6F /* Pods-pyunrihaeUITests.release.xcconfig */ = {isa = PBXFileReference; includeInIndex = 1; lastKnownFileType = text.xcconfig; name = "Pods-pyunrihaeUITests.release.xcconfig"; path = "Pods/Target Support Files/Pods-pyunrihaeUITests/Pods-pyunrihaeUITests.release.xcconfig"; sourceTree = "<group>"; };
		40074A42A71C85B97C9ED731 /* Pods-pyunrihae.debug.xcconfig */ = {isa = PBXFileReference; includeInIndex = 1; lastKnownFileType = text.xcconfig; name = "Pods-pyunrihae.debug.xcconfig"; path = "Pods/Target Support Files/Pods-pyunrihae/Pods-pyunrihae.debug.xcconfig"; sourceTree = "<group>"; };
		40585D3F57E929D9644DF6CD /* Pods_pyunrihaeUITests.framework */ = {isa = PBXFileReference; explicitFileType = wrapper.framework; includeInIndex = 0; path = Pods_pyunrihaeUITests.framework; sourceTree = BUILT_PRODUCTS_DIR; };
		4488E201DEAF59744BC95780 /* Pods_pyunrihae.framework */ = {isa = PBXFileReference; explicitFileType = wrapper.framework; includeInIndex = 0; path = Pods_pyunrihae.framework; sourceTree = BUILT_PRODUCTS_DIR; };
		7CA4DBEA1A634BF99D8EFBF2 /* Pods-pyunrihae.release.xcconfig */ = {isa = PBXFileReference; includeInIndex = 1; lastKnownFileType = text.xcconfig; name = "Pods-pyunrihae.release.xcconfig"; path = "Pods/Target Support Files/Pods-pyunrihae/Pods-pyunrihae.release.xcconfig"; sourceTree = "<group>"; };
		8031BBFEA7C96B0C91D5EAA8 /* Pods-pyunrihaeUITests.debug.xcconfig */ = {isa = PBXFileReference; includeInIndex = 1; lastKnownFileType = text.xcconfig; name = "Pods-pyunrihaeUITests.debug.xcconfig"; path = "Pods/Target Support Files/Pods-pyunrihaeUITests/Pods-pyunrihaeUITests.debug.xcconfig"; sourceTree = "<group>"; };
		981E93291F38666E004BE63B /* RankingViewController.swift */ = {isa = PBXFileReference; fileEncoding = 4; lastKnownFileType = sourcecode.swift; path = RankingViewController.swift; sourceTree = "<group>"; };
		981E932B1F386677004BE63B /* ReviewViewController.swift */ = {isa = PBXFileReference; fileEncoding = 4; lastKnownFileType = sourcecode.swift; path = ReviewViewController.swift; sourceTree = "<group>"; };
		981E932D1F386681004BE63B /* MypageViewController.swift */ = {isa = PBXFileReference; fileEncoding = 4; lastKnownFileType = sourcecode.swift; path = MypageViewController.swift; sourceTree = "<group>"; };
		984395851F32F29A0016B67D /* GoogleService-Info.plist */ = {isa = PBXFileReference; fileEncoding = 4; lastKnownFileType = text.plist.xml; path = "GoogleService-Info.plist"; sourceTree = "<group>"; };
		9865E4F51F387C7A00014795 /* TabBarViewController.swift */ = {isa = PBXFileReference; fileEncoding = 4; lastKnownFileType = sourcecode.swift; path = TabBarViewController.swift; sourceTree = "<group>"; };
		9865E4F71F38801B00014795 /* TabBarView.swift */ = {isa = PBXFileReference; fileEncoding = 4; lastKnownFileType = sourcecode.swift; path = TabBarView.swift; sourceTree = "<group>"; };
		9865E5011F39390100014795 /* search.png */ = {isa = PBXFileReference; lastKnownFileType = image.png; path = search.png; sourceTree = "<group>"; };
		9865E5071F3943BD00014795 /* Button.swift */ = {isa = PBXFileReference; fileEncoding = 4; lastKnownFileType = sourcecode.swift; path = Button.swift; sourceTree = "<group>"; };
		9865E50D1F394E4600014795 /* MainRankCollectionViewCell.swift */ = {isa = PBXFileReference; fileEncoding = 4; lastKnownFileType = sourcecode.swift; path = MainRankCollectionViewCell.swift; sourceTree = "<group>"; };
		9865E50F1F3957C000014795 /* CategoryScrollView.swift */ = {isa = PBXFileReference; fileEncoding = 4; lastKnownFileType = sourcecode.swift; path = CategoryScrollView.swift; sourceTree = "<group>"; };
		9865E5131F39A92700014795 /* dropdown.png */ = {isa = PBXFileReference; lastKnownFileType = image.png; path = dropdown.png; sourceTree = "<group>"; };
		9865E5151F39AD8100014795 /* ReviewCollectionViewCell.swift */ = {isa = PBXFileReference; fileEncoding = 4; lastKnownFileType = sourcecode.swift; path = ReviewCollectionViewCell.swift; sourceTree = "<group>"; };
		9865E5171F39C2A000014795 /* stars.png */ = {isa = PBXFileReference; lastKnownFileType = image.png; path = stars.png; sourceTree = "<group>"; };
		9865E5211F3AD8BE00014795 /* RankingCollectionViewCell.swift */ = {isa = PBXFileReference; fileEncoding = 4; lastKnownFileType = sourcecode.swift; path = RankingCollectionViewCell.swift; sourceTree = "<group>"; };
		9865E5231F3AE04C00014795 /* Label.swift */ = {isa = PBXFileReference; fileEncoding = 4; lastKnownFileType = sourcecode.swift; path = Label.swift; sourceTree = "<group>"; };
		9865E5251F3AF2FF00014795 /* right.png */ = {isa = PBXFileReference; lastKnownFileType = image.png; path = right.png; sourceTree = "<group>"; };
		9865E52B1F3AF3EE00014795 /* MypageTableViewCell.swift */ = {isa = PBXFileReference; fileEncoding = 4; lastKnownFileType = sourcecode.swift; path = MypageTableViewCell.swift; sourceTree = "<group>"; };
		9865E52F1F3AFA0300014795 /* ProductDetailViewController.swift */ = {isa = PBXFileReference; fileEncoding = 4; lastKnownFileType = sourcecode.swift; path = ProductDetailViewController.swift; sourceTree = "<group>"; };
		9865E5311F3AFAF500014795 /* bottom.png */ = {isa = PBXFileReference; lastKnownFileType = image.png; path = bottom.png; sourceTree = "<group>"; };
		9865E5331F3AFEFE00014795 /* WritingReviewViewController.swift */ = {isa = PBXFileReference; fileEncoding = 4; lastKnownFileType = sourcecode.swift; path = WritingReviewViewController.swift; sourceTree = "<group>"; };
		9865E5391F3BD81E00014795 /* back.png */ = {isa = PBXFileReference; lastKnownFileType = image.png; path = back.png; sourceTree = "<group>"; };
		9865E53B1F3C0BD500014795 /* AllergyViewController.swift */ = {isa = PBXFileReference; fileEncoding = 4; lastKnownFileType = sourcecode.swift; path = AllergyViewController.swift; sourceTree = "<group>"; };
		9865E53D1F3C0C1000014795 /* AllergyTableViewCell.swift */ = {isa = PBXFileReference; fileEncoding = 4; lastKnownFileType = sourcecode.swift; path = AllergyTableViewCell.swift; sourceTree = "<group>"; };
		9865E53F1F3C10A400014795 /* check.png */ = {isa = PBXFileReference; lastKnownFileType = image.png; path = check.png; sourceTree = "<group>"; };
		9865E5411F3C141C00014795 /* plus.png */ = {isa = PBXFileReference; lastKnownFileType = image.png; path = plus.png; sourceTree = "<group>"; };
		9865E5431F3C1D4200014795 /* star.png */ = {isa = PBXFileReference; lastKnownFileType = image.png; path = star.png; sourceTree = "<group>"; };
		9865E5451F3C434200014795 /* ProductInfoTableViewCell.swift */ = {isa = PBXFileReference; fileEncoding = 4; lastKnownFileType = sourcecode.swift; path = ProductInfoTableViewCell.swift; sourceTree = "<group>"; };
		9865E5471F3C435100014795 /* ProductDetailInfoTableViewCell.swift */ = {isa = PBXFileReference; fileEncoding = 4; lastKnownFileType = sourcecode.swift; path = ProductDetailInfoTableViewCell.swift; sourceTree = "<group>"; };
		9865E5491F3C436000014795 /* ProductReviewTableViewCell.swift */ = {isa = PBXFileReference; fileEncoding = 4; lastKnownFileType = sourcecode.swift; path = ProductReviewTableViewCell.swift; sourceTree = "<group>"; };
		9865E54D1F3C576D00014795 /* Image.swift */ = {isa = PBXFileReference; fileEncoding = 4; lastKnownFileType = sourcecode.swift; path = Image.swift; sourceTree = "<group>"; };
		9865E5531F3D351B00014795 /* PhotoCollectionViewCell.swift */ = {isa = PBXFileReference; fileEncoding = 4; lastKnownFileType = sourcecode.swift; path = PhotoCollectionViewCell.swift; sourceTree = "<group>"; };
		9865E5591F3D837200014795 /* SelectedProduct.swift */ = {isa = PBXFileReference; fileEncoding = 4; lastKnownFileType = sourcecode.swift; path = SelectedProduct.swift; sourceTree = "<group>"; };
		9865E55B1F417E2000014795 /* SelectedAllergy.swift */ = {isa = PBXFileReference; fileEncoding = 4; lastKnownFileType = sourcecode.swift; path = SelectedAllergy.swift; sourceTree = "<group>"; };
		9865E56B1F42E55E00014795 /* BigImageViewController.swift */ = {isa = PBXFileReference; fileEncoding = 4; lastKnownFileType = sourcecode.swift; path = BigImageViewController.swift; sourceTree = "<group>"; };
		98B73F851F39394500E55420 /* Review.swift */ = {isa = PBXFileReference; fileEncoding = 4; lastKnownFileType = sourcecode.swift; path = Review.swift; sourceTree = "<group>"; };
		98B73F871F394CAB00E55420 /* Product.swift */ = {isa = PBXFileReference; fileEncoding = 4; lastKnownFileType = sourcecode.swift; path = Product.swift; sourceTree = "<group>"; };
		98B82EDB1F45352A001C63A4 /* Validator.swift */ = {isa = PBXFileReference; fileEncoding = 4; lastKnownFileType = sourcecode.swift; path = Validator.swift; sourceTree = "<group>"; };
		98B82EDD1F45748D001C63A4 /* User.swift */ = {isa = PBXFileReference; fileEncoding = 4; lastKnownFileType = sourcecode.swift; path = User.swift; sourceTree = "<group>"; };
		98C5AACD1F33FAE800610115 /* MainViewController.swift */ = {isa = PBXFileReference; fileEncoding = 4; lastKnownFileType = sourcecode.swift; path = MainViewController.swift; sourceTree = "<group>"; };
		98C5AAD71F342C3900610115 /* DataManager.swift */ = {isa = PBXFileReference; fileEncoding = 4; lastKnownFileType = sourcecode.swift; path = DataManager.swift; sourceTree = "<group>"; };
		98CBA0B51F458AFC003D0370 /* ic_user.png */ = {isa = PBXFileReference; lastKnownFileType = image.png; path = ic_user.png; sourceTree = "<group>"; };
		98CBA0B71F458BA8003D0370 /* back_right.png */ = {isa = PBXFileReference; lastKnownFileType = image.png; path = back_right.png; sourceTree = "<group>"; };
		98CBA0B91F458DC1003D0370 /* LoginViewController.swift */ = {isa = PBXFileReference; fileEncoding = 4; lastKnownFileType = sourcecode.swift; path = LoginViewController.swift; sourceTree = "<group>"; };
		98CBA0BB1F458E87003D0370 /* ic_login_disabled.png */ = {isa = PBXFileReference; lastKnownFileType = image.png; path = ic_login_disabled.png; sourceTree = "<group>"; };
		98CBA0BC1F458E87003D0370 /* ic_login_enabled.png */ = {isa = PBXFileReference; lastKnownFileType = image.png; path = ic_login_enabled.png; sourceTree = "<group>"; };
		98CBA0BF1F466919003D0370 /* ic_review_write.png */ = {isa = PBXFileReference; lastKnownFileType = image.png; path = ic_review_write.png; sourceTree = "<group>"; };
		98CBA0C11F467E7D003D0370 /* ic_add.png */ = {isa = PBXFileReference; lastKnownFileType = image.png; path = ic_add.png; sourceTree = "<group>"; };
		98CBA0C31F467EE5003D0370 /* ic_dropdown.png */ = {isa = PBXFileReference; lastKnownFileType = image.png; path = ic_dropdown.png; sourceTree = "<group>"; };
		98CBA0C51F467FE0003D0370 /* ic_check.png */ = {isa = PBXFileReference; lastKnownFileType = image.png; path = ic_check.png; sourceTree = "<group>"; };
		98CBA0C71F468196003D0370 /* ic_star_filled.png */ = {isa = PBXFileReference; lastKnownFileType = image.png; path = ic_star_filled.png; sourceTree = "<group>"; };
		98CBA0C81F468196003D0370 /* ic_star.png */ = {isa = PBXFileReference; lastKnownFileType = image.png; path = ic_star.png; sourceTree = "<group>"; };
		98CBA0CB1F468536003D0370 /* ic_like_filled.png */ = {isa = PBXFileReference; lastKnownFileType = image.png; path = ic_like_filled.png; sourceTree = "<group>"; };
		98CBA0CC1F468536003D0370 /* ic_like.png */ = {isa = PBXFileReference; lastKnownFileType = image.png; path = ic_like.png; sourceTree = "<group>"; };
		98CBA0CF1F469E6B003D0370 /* ic_default.png */ = {isa = PBXFileReference; lastKnownFileType = image.png; path = ic_default.png; sourceTree = "<group>"; };
		98CBA0D11F46AF3B003D0370 /* ic_nickname.png */ = {isa = PBXFileReference; lastKnownFileType = image.png; path = ic_nickname.png; sourceTree = "<group>"; };
		98CBA0D31F4ACA73003D0370 /* UpdateNicknameViewController.swift */ = {isa = PBXFileReference; fileEncoding = 4; lastKnownFileType = sourcecode.swift; path = UpdateNicknameViewController.swift; sourceTree = "<group>"; };
		98CBA0D51F4AE17B003D0370 /* ic_common.png */ = {isa = PBXFileReference; lastKnownFileType = image.png; path = ic_common.png; sourceTree = "<group>"; };
		98D569111F46ABC7002693E9 /* user_default.png */ = {isa = PBXFileReference; lastKnownFileType = image.png; path = user_default.png; sourceTree = "<group>"; };
		98D839071F452DF200CDF699 /* bg_login2.png */ = {isa = PBXFileReference; lastKnownFileType = image.png; path = bg_login2.png; sourceTree = "<group>"; };
		98D839091F452E6200CDF699 /* ic_pyunrihae.png */ = {isa = PBXFileReference; lastKnownFileType = image.png; path = ic_pyunrihae.png; sourceTree = "<group>"; };
		98D9F2CE1F418DF3009D0E10 /* LICENSE */ = {isa = PBXFileReference; fileEncoding = 4; lastKnownFileType = text; path = LICENSE; sourceTree = "<group>"; };
		98D9F2CF1F418DF3009D0E10 /* README.md */ = {isa = PBXFileReference; fileEncoding = 4; lastKnownFileType = net.daringfireball.markdown; path = README.md; sourceTree = "<group>"; };
		98D9F2D11F418DF3009D0E10 /* Objectification.swift */ = {isa = PBXFileReference; fileEncoding = 4; lastKnownFileType = sourcecode.swift; path = Objectification.swift; sourceTree = "<group>"; };
		98D9F2D21F418DF3009D0E10 /* YNCategoryButton.swift */ = {isa = PBXFileReference; fileEncoding = 4; lastKnownFileType = sourcecode.swift; path = YNCategoryButton.swift; sourceTree = "<group>"; };
		98D9F2D31F418DF3009D0E10 /* YNSearch.swift */ = {isa = PBXFileReference; fileEncoding = 4; lastKnownFileType = sourcecode.swift; path = YNSearch.swift; sourceTree = "<group>"; };
		98D9F2D41F418DF3009D0E10 /* YNSearch.xcassets */ = {isa = PBXFileReference; lastKnownFileType = folder.assetcatalog; path = YNSearch.xcassets; sourceTree = "<group>"; };
		98D9F2D51F418DF3009D0E10 /* YNSearchDelegate.swift */ = {isa = PBXFileReference; fileEncoding = 4; lastKnownFileType = sourcecode.swift; path = YNSearchDelegate.swift; sourceTree = "<group>"; };
		98D9F2D61F418DF3009D0E10 /* YNSearchExtension.swift */ = {isa = PBXFileReference; fileEncoding = 4; lastKnownFileType = sourcecode.swift; path = YNSearchExtension.swift; sourceTree = "<group>"; };
		98D9F2D71F418DF3009D0E10 /* YNSearchHistoryButton.swift */ = {isa = PBXFileReference; fileEncoding = 4; lastKnownFileType = sourcecode.swift; path = YNSearchHistoryButton.swift; sourceTree = "<group>"; };
		98D9F2D81F418DF3009D0E10 /* YNSearchListView.swift */ = {isa = PBXFileReference; fileEncoding = 4; lastKnownFileType = sourcecode.swift; path = YNSearchListView.swift; sourceTree = "<group>"; };
		98D9F2D91F418DF3009D0E10 /* YNSearchListViewCell.swift */ = {isa = PBXFileReference; fileEncoding = 4; lastKnownFileType = sourcecode.swift; path = YNSearchListViewCell.swift; sourceTree = "<group>"; };
		98D9F2DA1F418DF3009D0E10 /* YNSearchMainView.swift */ = {isa = PBXFileReference; fileEncoding = 4; lastKnownFileType = sourcecode.swift; path = YNSearchMainView.swift; sourceTree = "<group>"; };
		98D9F2DB1F418DF3009D0E10 /* YNSearchModel.swift */ = {isa = PBXFileReference; fileEncoding = 4; lastKnownFileType = sourcecode.swift; path = YNSearchModel.swift; sourceTree = "<group>"; };
		98D9F2DC1F418DF3009D0E10 /* YNSearchTextField.swift */ = {isa = PBXFileReference; fileEncoding = 4; lastKnownFileType = sourcecode.swift; path = YNSearchTextField.swift; sourceTree = "<group>"; };
		98D9F2DD1F418DF3009D0E10 /* YNSearchView.swift */ = {isa = PBXFileReference; fileEncoding = 4; lastKnownFileType = sourcecode.swift; path = YNSearchView.swift; sourceTree = "<group>"; };
		98D9F2DE1F418DF3009D0E10 /* YNSearchViewController.swift */ = {isa = PBXFileReference; fileEncoding = 4; lastKnownFileType = sourcecode.swift; path = YNSearchViewController.swift; sourceTree = "<group>"; };
		98DED89A1F41729100CC4D63 /* SearchViewController.swift */ = {isa = PBXFileReference; fileEncoding = 4; lastKnownFileType = sourcecode.swift; path = SearchViewController.swift; sourceTree = "<group>"; };
		98F172E61F32EDB70044FD0D /* pyunrihae.app */ = {isa = PBXFileReference; explicitFileType = wrapper.application; includeInIndex = 0; path = pyunrihae.app; sourceTree = BUILT_PRODUCTS_DIR; };
		98F172E91F32EDB70044FD0D /* AppDelegate.swift */ = {isa = PBXFileReference; lastKnownFileType = sourcecode.swift; path = AppDelegate.swift; sourceTree = "<group>"; };
		98F172EE1F32EDB70044FD0D /* Base */ = {isa = PBXFileReference; lastKnownFileType = file.storyboard; name = Base; path = Base.lproj/Main.storyboard; sourceTree = "<group>"; };
		98F172F01F32EDB70044FD0D /* Assets.xcassets */ = {isa = PBXFileReference; lastKnownFileType = folder.assetcatalog; path = Assets.xcassets; sourceTree = "<group>"; };
		98F172F31F32EDB70044FD0D /* Base */ = {isa = PBXFileReference; lastKnownFileType = file.storyboard; name = Base; path = Base.lproj/LaunchScreen.storyboard; sourceTree = "<group>"; };
		98F172F51F32EDB70044FD0D /* Info.plist */ = {isa = PBXFileReference; lastKnownFileType = text.plist.xml; path = Info.plist; sourceTree = "<group>"; };
		98F172FA1F32EDB70044FD0D /* pyunrihaeTests.xctest */ = {isa = PBXFileReference; explicitFileType = wrapper.cfbundle; includeInIndex = 0; path = pyunrihaeTests.xctest; sourceTree = BUILT_PRODUCTS_DIR; };
		98F172FE1F32EDB70044FD0D /* pyunrihaeTests.swift */ = {isa = PBXFileReference; lastKnownFileType = sourcecode.swift; path = pyunrihaeTests.swift; sourceTree = "<group>"; };
		98F173001F32EDB70044FD0D /* Info.plist */ = {isa = PBXFileReference; lastKnownFileType = text.plist.xml; path = Info.plist; sourceTree = "<group>"; };
		98F173051F32EDB70044FD0D /* pyunrihaeUITests.xctest */ = {isa = PBXFileReference; explicitFileType = wrapper.cfbundle; includeInIndex = 0; path = pyunrihaeUITests.xctest; sourceTree = BUILT_PRODUCTS_DIR; };
		98F173091F32EDB70044FD0D /* pyunrihaeUITests.swift */ = {isa = PBXFileReference; lastKnownFileType = sourcecode.swift; path = pyunrihaeUITests.swift; sourceTree = "<group>"; };
		98F1730B1F32EDB80044FD0D /* Info.plist */ = {isa = PBXFileReference; lastKnownFileType = text.plist.xml; path = Info.plist; sourceTree = "<group>"; };
		98F8657E1F43FB1A00C2F333 /* star1.png */ = {isa = PBXFileReference; lastKnownFileType = image.png; path = star1.png; sourceTree = "<group>"; };
		98F8657F1F43FB1A00C2F333 /* star2.png */ = {isa = PBXFileReference; lastKnownFileType = image.png; path = star2.png; sourceTree = "<group>"; };
		98F865801F43FB1A00C2F333 /* star3.png */ = {isa = PBXFileReference; lastKnownFileType = image.png; path = star3.png; sourceTree = "<group>"; };
		98F865811F43FB1A00C2F333 /* star4.png */ = {isa = PBXFileReference; lastKnownFileType = image.png; path = star4.png; sourceTree = "<group>"; };
		98F865821F43FB1A00C2F333 /* star5.png */ = {isa = PBXFileReference; lastKnownFileType = image.png; path = star5.png; sourceTree = "<group>"; };
		98F865881F44021000C2F333 /* logo_cu.png */ = {isa = PBXFileReference; lastKnownFileType = image.png; path = logo_cu.png; sourceTree = "<group>"; };
		98F865891F44021000C2F333 /* logo_7eleven.png */ = {isa = PBXFileReference; lastKnownFileType = image.png; path = logo_7eleven.png; sourceTree = "<group>"; };
		98F8658A1F44021000C2F333 /* logo_gs25.png */ = {isa = PBXFileReference; lastKnownFileType = image.png; path = logo_gs25.png; sourceTree = "<group>"; };
		98F8658E1F4407A700C2F333 /* ic_home_selected.png */ = {isa = PBXFileReference; lastKnownFileType = image.png; path = ic_home_selected.png; sourceTree = "<group>"; };
		98F8658F1F4407A700C2F333 /* ic_home.png */ = {isa = PBXFileReference; lastKnownFileType = image.png; path = ic_home.png; sourceTree = "<group>"; };
		98F865901F4407A700C2F333 /* ic_my_selected.png */ = {isa = PBXFileReference; lastKnownFileType = image.png; path = ic_my_selected.png; sourceTree = "<group>"; };
		98F865911F4407A700C2F333 /* ic_my.png */ = {isa = PBXFileReference; lastKnownFileType = image.png; path = ic_my.png; sourceTree = "<group>"; };
		98F865921F4407A700C2F333 /* ic_ranking_selected.png */ = {isa = PBXFileReference; lastKnownFileType = image.png; path = ic_ranking_selected.png; sourceTree = "<group>"; };
		98F865931F4407A700C2F333 /* ic_ranking.png */ = {isa = PBXFileReference; lastKnownFileType = image.png; path = ic_ranking.png; sourceTree = "<group>"; };
		98F865941F4407A700C2F333 /* ic_review_selected.png */ = {isa = PBXFileReference; lastKnownFileType = image.png; path = ic_review_selected.png; sourceTree = "<group>"; };
		98F865951F4407A700C2F333 /* ic_review.png */ = {isa = PBXFileReference; lastKnownFileType = image.png; path = ic_review.png; sourceTree = "<group>"; };
		98F8659E1F442A3000C2F333 /* ic_login.png */ = {isa = PBXFileReference; lastKnownFileType = image.png; path = ic_login.png; sourceTree = "<group>"; };
		98F8659F1F442A3000C2F333 /* ic_emailsignup.png */ = {isa = PBXFileReference; lastKnownFileType = image.png; path = ic_emailsignup.png; sourceTree = "<group>"; };
		98F865A01F442A3000C2F333 /* bg_login.png */ = {isa = PBXFileReference; lastKnownFileType = image.png; path = bg_login.png; sourceTree = "<group>"; };
		98F865A41F442B3800C2F333 /* LoginSignUpViewController.swift */ = {isa = PBXFileReference; fileEncoding = 4; lastKnownFileType = sourcecode.swift; path = LoginSignUpViewController.swift; sourceTree = "<group>"; };
		98F865A61F442EE100C2F333 /* ic_close.png */ = {isa = PBXFileReference; lastKnownFileType = image.png; path = ic_close.png; sourceTree = "<group>"; };
		98F865A81F442F8700C2F333 /* ic_mail.png */ = {isa = PBXFileReference; lastKnownFileType = image.png; path = ic_mail.png; sourceTree = "<group>"; };
		98F865AA1F442F8B00C2F333 /* ic_password.png */ = {isa = PBXFileReference; lastKnownFileType = image.png; path = ic_password.png; sourceTree = "<group>"; };
		98F865AC1F44317C00C2F333 /* ic_close_gray.png */ = {isa = PBXFileReference; lastKnownFileType = image.png; path = ic_close_gray.png; sourceTree = "<group>"; };
		98F865AE1F44340E00C2F333 /* ic_complete_enabled.png */ = {isa = PBXFileReference; lastKnownFileType = image.png; path = ic_complete_enabled.png; sourceTree = "<group>"; };
		98F865AF1F44340E00C2F333 /* ic_complete.png */ = {isa = PBXFileReference; lastKnownFileType = image.png; path = ic_complete.png; sourceTree = "<group>"; };
		98F865B21F4434F800C2F333 /* SignupViewController.swift */ = {isa = PBXFileReference; fileEncoding = 4; lastKnownFileType = sourcecode.swift; path = SignupViewController.swift; sourceTree = "<group>"; };
		C9D07E3D80B114A5E56DAC60 /* Pods-pyunrihaeTests.debug.xcconfig */ = {isa = PBXFileReference; includeInIndex = 1; lastKnownFileType = text.xcconfig; name = "Pods-pyunrihaeTests.debug.xcconfig"; path = "Pods/Target Support Files/Pods-pyunrihaeTests/Pods-pyunrihaeTests.debug.xcconfig"; sourceTree = "<group>"; };
		EF44EF9D49A783BEA8DDF20D /* Pods-pyunrihaeTests.release.xcconfig */ = {isa = PBXFileReference; includeInIndex = 1; lastKnownFileType = text.xcconfig; name = "Pods-pyunrihaeTests.release.xcconfig"; path = "Pods/Target Support Files/Pods-pyunrihaeTests/Pods-pyunrihaeTests.release.xcconfig"; sourceTree = "<group>"; };
/* End PBXFileReference section */

/* Begin PBXFrameworksBuildPhase section */
		98F172E31F32EDB70044FD0D /* Frameworks */ = {
			isa = PBXFrameworksBuildPhase;
			buildActionMask = 2147483647;
			files = (
				025FB54D69452E7E0E398251 /* Pods_pyunrihae.framework in Frameworks */,
			);
			runOnlyForDeploymentPostprocessing = 0;
		};
		98F172F71F32EDB70044FD0D /* Frameworks */ = {
			isa = PBXFrameworksBuildPhase;
			buildActionMask = 2147483647;
			files = (
				9C668EF8CEE8D438D3632CC9 /* Pods_pyunrihaeTests.framework in Frameworks */,
			);
			runOnlyForDeploymentPostprocessing = 0;
		};
		98F173021F32EDB70044FD0D /* Frameworks */ = {
			isa = PBXFrameworksBuildPhase;
			buildActionMask = 2147483647;
			files = (
				14F146B434332A2D6E2CFF9B /* Pods_pyunrihaeUITests.framework in Frameworks */,
			);
			runOnlyForDeploymentPostprocessing = 0;
		};
/* End PBXFrameworksBuildPhase section */

/* Begin PBXGroup section */
		1EE1AEFF2B6997BC2EEACDFA /* Pods */ = {
			isa = PBXGroup;
			children = (
				40074A42A71C85B97C9ED731 /* Pods-pyunrihae.debug.xcconfig */,
				7CA4DBEA1A634BF99D8EFBF2 /* Pods-pyunrihae.release.xcconfig */,
				C9D07E3D80B114A5E56DAC60 /* Pods-pyunrihaeTests.debug.xcconfig */,
				EF44EF9D49A783BEA8DDF20D /* Pods-pyunrihaeTests.release.xcconfig */,
				8031BBFEA7C96B0C91D5EAA8 /* Pods-pyunrihaeUITests.debug.xcconfig */,
				1B085AE2D2B3D6AD37BF1C6F /* Pods-pyunrihaeUITests.release.xcconfig */,
			);
			name = Pods;
			sourceTree = "<group>";
		};
		735C2F99ED0A73A028E0CEA8 /* Frameworks */ = {
			isa = PBXGroup;
			children = (
				4488E201DEAF59744BC95780 /* Pods_pyunrihae.framework */,
				1319BEB880E29049AC8F0515 /* Pods_pyunrihaeTests.framework */,
				40585D3F57E929D9644DF6CD /* Pods_pyunrihaeUITests.framework */,
			);
			name = Frameworks;
			sourceTree = "<group>";
		};
		98D819011F32F97D00BE2A95 /* Asset */ = {
			isa = PBXGroup;
			children = (
				98CBA0D51F4AE17B003D0370 /* ic_common.png */,
				98CBA0B51F458AFC003D0370 /* ic_user.png */,
				98CBA0C71F468196003D0370 /* ic_star_filled.png */,
				98CBA0C81F468196003D0370 /* ic_star.png */,
				98CBA0CB1F468536003D0370 /* ic_like_filled.png */,
				98CBA0CC1F468536003D0370 /* ic_like.png */,
				98D839071F452DF200CDF699 /* bg_login2.png */,
				98CBA0D11F46AF3B003D0370 /* ic_nickname.png */,
				98CBA0CF1F469E6B003D0370 /* ic_default.png */,
				98F8659E1F442A3000C2F333 /* ic_login.png */,
				98CBA0C31F467EE5003D0370 /* ic_dropdown.png */,
				98CBA0BF1F466919003D0370 /* ic_review_write.png */,
				98CBA0C11F467E7D003D0370 /* ic_add.png */,
				98F8659F1F442A3000C2F333 /* ic_emailsignup.png */,
				98F865A61F442EE100C2F333 /* ic_close.png */,
				98CBA0BB1F458E87003D0370 /* ic_login_disabled.png */,
				98CBA0BC1F458E87003D0370 /* ic_login_enabled.png */,
				98F865A01F442A3000C2F333 /* bg_login.png */,
				98F172F01F32EDB70044FD0D /* Assets.xcassets */,
				9865E5431F3C1D4200014795 /* star.png */,
				9865E5391F3BD81E00014795 /* back.png */,
				98CBA0B71F458BA8003D0370 /* back_right.png */,
				9865E5411F3C141C00014795 /* plus.png */,
				98D839091F452E6200CDF699 /* ic_pyunrihae.png */,
				9865E53F1F3C10A400014795 /* check.png */,
				9865E5311F3AFAF500014795 /* bottom.png */,
				98F865AE1F44340E00C2F333 /* ic_complete_enabled.png */,
				98F865AF1F44340E00C2F333 /* ic_complete.png */,
				98F8657E1F43FB1A00C2F333 /* star1.png */,
				98F865AC1F44317C00C2F333 /* ic_close_gray.png */,
				98F8657F1F43FB1A00C2F333 /* star2.png */,
				98D569111F46ABC7002693E9 /* user_default.png */,
				98F865881F44021000C2F333 /* logo_cu.png */,
				98F865891F44021000C2F333 /* logo_7eleven.png */,
				98F865AA1F442F8B00C2F333 /* ic_password.png */,
				98F865A81F442F8700C2F333 /* ic_mail.png */,
				98F8658A1F44021000C2F333 /* logo_gs25.png */,
				98F8658E1F4407A700C2F333 /* ic_home_selected.png */,
				98F8658F1F4407A700C2F333 /* ic_home.png */,
				98F865901F4407A700C2F333 /* ic_my_selected.png */,
				98F865911F4407A700C2F333 /* ic_my.png */,
				98F865921F4407A700C2F333 /* ic_ranking_selected.png */,
				98F865931F4407A700C2F333 /* ic_ranking.png */,
				98F865941F4407A700C2F333 /* ic_review_selected.png */,
				98CBA0C51F467FE0003D0370 /* ic_check.png */,
				98F865951F4407A700C2F333 /* ic_review.png */,
				98F865801F43FB1A00C2F333 /* star3.png */,
				98F865811F43FB1A00C2F333 /* star4.png */,
				98F865821F43FB1A00C2F333 /* star5.png */,
				9865E5251F3AF2FF00014795 /* right.png */,
				9865E5171F39C2A000014795 /* stars.png */,
				9865E5011F39390100014795 /* search.png */,
				9865E5131F39A92700014795 /* dropdown.png */,
				98F172F51F32EDB70044FD0D /* Info.plist */,
				984395851F32F29A0016B67D /* GoogleService-Info.plist */,
			);
			name = Asset;
			sourceTree = "<group>";
		};
		98D819021F32F99500BE2A95 /* Model */ = {
			isa = PBXGroup;
			children = (
				9865E54D1F3C576D00014795 /* Image.swift */,
				9865E5071F3943BD00014795 /* Button.swift */,
				9865E5231F3AE04C00014795 /* Label.swift */,
				98B73F851F39394500E55420 /* Review.swift */,
				98B73F871F394CAB00E55420 /* Product.swift */,
				9865E5591F3D837200014795 /* SelectedProduct.swift */,
				9865E55B1F417E2000014795 /* SelectedAllergy.swift */,
				98B82EDB1F45352A001C63A4 /* Validator.swift */,
				98B82EDD1F45748D001C63A4 /* User.swift */,
				98C5AAD71F342C3900610115 /* DataManager.swift */,
			);
			name = Model;
			sourceTree = "<group>";
		};
		98D819031F32F99C00BE2A95 /* View Controller */ = {
			isa = PBXGroup;
			children = (
				9865E4F51F387C7A00014795 /* TabBarViewController.swift */,
				98C5AACD1F33FAE800610115 /* MainViewController.swift */,
				981E93291F38666E004BE63B /* RankingViewController.swift */,
				981E932B1F386677004BE63B /* ReviewViewController.swift */,
				981E932D1F386681004BE63B /* MypageViewController.swift */,
				9865E52F1F3AFA0300014795 /* ProductDetailViewController.swift */,
				9865E5331F3AFEFE00014795 /* WritingReviewViewController.swift */,
				9865E53B1F3C0BD500014795 /* AllergyViewController.swift */,
				9865E56B1F42E55E00014795 /* BigImageViewController.swift */,
				98DED89A1F41729100CC4D63 /* SearchViewController.swift */,
				98F865A41F442B3800C2F333 /* LoginSignUpViewController.swift */,
				98F865B21F4434F800C2F333 /* SignupViewController.swift */,
				98CBA0B91F458DC1003D0370 /* LoginViewController.swift */,
				98CBA0D31F4ACA73003D0370 /* UpdateNicknameViewController.swift */,
			);
			name = "View Controller";
			sourceTree = "<group>";
		};
		98D819041F32F9A500BE2A95 /* View */ = {
			isa = PBXGroup;
			children = (
				9865E4F71F38801B00014795 /* TabBarView.swift */,
				9865E50D1F394E4600014795 /* MainRankCollectionViewCell.swift */,
				9865E5211F3AD8BE00014795 /* RankingCollectionViewCell.swift */,
				9865E5151F39AD8100014795 /* ReviewCollectionViewCell.swift */,
				9865E50F1F3957C000014795 /* CategoryScrollView.swift */,
				9865E52B1F3AF3EE00014795 /* MypageTableViewCell.swift */,
				9865E5451F3C434200014795 /* ProductInfoTableViewCell.swift */,
				9865E5471F3C435100014795 /* ProductDetailInfoTableViewCell.swift */,
				9865E5491F3C436000014795 /* ProductReviewTableViewCell.swift */,
				9865E5531F3D351B00014795 /* PhotoCollectionViewCell.swift */,
				9865E53D1F3C0C1000014795 /* AllergyTableViewCell.swift */,
			);
			name = View;
			sourceTree = "<group>";
		};
		98D819061F32F9B700BE2A95 /* Storyboard */ = {
			isa = PBXGroup;
			children = (
				98F172F21F32EDB70044FD0D /* LaunchScreen.storyboard */,
				98F172ED1F32EDB70044FD0D /* Main.storyboard */,
			);
			name = Storyboard;
			sourceTree = "<group>";
		};
		98D819071F32F9C000BE2A95 /* etc */ = {
			isa = PBXGroup;
			children = (
				98F172E91F32EDB70044FD0D /* AppDelegate.swift */,
			);
			name = etc;
			sourceTree = "<group>";
		};
		98D9F2CD1F418DF3009D0E10 /* YNSearch */ = {
			isa = PBXGroup;
			children = (
				98D9F2CE1F418DF3009D0E10 /* LICENSE */,
				98D9F2CF1F418DF3009D0E10 /* README.md */,
				98D9F2D01F418DF3009D0E10 /* YNSearch */,
			);
			path = YNSearch;
			sourceTree = "<group>";
		};
		98D9F2D01F418DF3009D0E10 /* YNSearch */ = {
			isa = PBXGroup;
			children = (
				98D9F2D11F418DF3009D0E10 /* Objectification.swift */,
				98D9F2D21F418DF3009D0E10 /* YNCategoryButton.swift */,
				98D9F2D31F418DF3009D0E10 /* YNSearch.swift */,
				98D9F2D41F418DF3009D0E10 /* YNSearch.xcassets */,
				98D9F2D51F418DF3009D0E10 /* YNSearchDelegate.swift */,
				98D9F2D61F418DF3009D0E10 /* YNSearchExtension.swift */,
				98D9F2D71F418DF3009D0E10 /* YNSearchHistoryButton.swift */,
				98D9F2D81F418DF3009D0E10 /* YNSearchListView.swift */,
				98D9F2D91F418DF3009D0E10 /* YNSearchListViewCell.swift */,
				98D9F2DA1F418DF3009D0E10 /* YNSearchMainView.swift */,
				98D9F2DB1F418DF3009D0E10 /* YNSearchModel.swift */,
				98D9F2DC1F418DF3009D0E10 /* YNSearchTextField.swift */,
				98D9F2DD1F418DF3009D0E10 /* YNSearchView.swift */,
				98D9F2DE1F418DF3009D0E10 /* YNSearchViewController.swift */,
			);
			path = YNSearch;
			sourceTree = "<group>";
		};
		98F172DD1F32EDB70044FD0D = {
			isa = PBXGroup;
			children = (
				98F172E81F32EDB70044FD0D /* pyunrihae */,
				98F172FD1F32EDB70044FD0D /* pyunrihaeTests */,
				98F173081F32EDB70044FD0D /* pyunrihaeUITests */,
				98F172E71F32EDB70044FD0D /* Products */,
				1EE1AEFF2B6997BC2EEACDFA /* Pods */,
				735C2F99ED0A73A028E0CEA8 /* Frameworks */,
			);
			sourceTree = "<group>";
		};
		98F172E71F32EDB70044FD0D /* Products */ = {
			isa = PBXGroup;
			children = (
				98F172E61F32EDB70044FD0D /* pyunrihae.app */,
				98F172FA1F32EDB70044FD0D /* pyunrihaeTests.xctest */,
				98F173051F32EDB70044FD0D /* pyunrihaeUITests.xctest */,
			);
			name = Products;
			sourceTree = "<group>";
		};
		98F172E81F32EDB70044FD0D /* pyunrihae */ = {
			isa = PBXGroup;
			children = (
				98D9F2CD1F418DF3009D0E10 /* YNSearch */,
				98D819071F32F9C000BE2A95 /* etc */,
				98D819061F32F9B700BE2A95 /* Storyboard */,
				98D819041F32F9A500BE2A95 /* View */,
				98D819031F32F99C00BE2A95 /* View Controller */,
				98D819021F32F99500BE2A95 /* Model */,
				98D819011F32F97D00BE2A95 /* Asset */,
			);
			path = pyunrihae;
			sourceTree = "<group>";
		};
		98F172FD1F32EDB70044FD0D /* pyunrihaeTests */ = {
			isa = PBXGroup;
			children = (
				98F172FE1F32EDB70044FD0D /* pyunrihaeTests.swift */,
				98F173001F32EDB70044FD0D /* Info.plist */,
			);
			path = pyunrihaeTests;
			sourceTree = "<group>";
		};
		98F173081F32EDB70044FD0D /* pyunrihaeUITests */ = {
			isa = PBXGroup;
			children = (
				98F173091F32EDB70044FD0D /* pyunrihaeUITests.swift */,
				98F1730B1F32EDB80044FD0D /* Info.plist */,
			);
			path = pyunrihaeUITests;
			sourceTree = "<group>";
		};
/* End PBXGroup section */

/* Begin PBXNativeTarget section */
		98F172E51F32EDB70044FD0D /* pyunrihae */ = {
			isa = PBXNativeTarget;
			buildConfigurationList = 98F1730E1F32EDB80044FD0D /* Build configuration list for PBXNativeTarget "pyunrihae" */;
			buildPhases = (
				421EDD1A2C9C58AF10A44ACB /* [CP] Check Pods Manifest.lock */,
				98F172E21F32EDB70044FD0D /* Sources */,
				98F172E31F32EDB70044FD0D /* Frameworks */,
				98F172E41F32EDB70044FD0D /* Resources */,
				C827A40123A93FC24DCE78F1 /* [CP] Embed Pods Frameworks */,
				24DFC8C71AEAF56A29B8C12D /* [CP] Copy Pods Resources */,
			);
			buildRules = (
			);
			dependencies = (
			);
			name = pyunrihae;
			productName = pyunrihae;
			productReference = 98F172E61F32EDB70044FD0D /* pyunrihae.app */;
			productType = "com.apple.product-type.application";
		};
		98F172F91F32EDB70044FD0D /* pyunrihaeTests */ = {
			isa = PBXNativeTarget;
			buildConfigurationList = 98F173111F32EDB80044FD0D /* Build configuration list for PBXNativeTarget "pyunrihaeTests" */;
			buildPhases = (
				587EC5AC5552B8323941BD3C /* [CP] Check Pods Manifest.lock */,
				98F172F61F32EDB70044FD0D /* Sources */,
				98F172F71F32EDB70044FD0D /* Frameworks */,
				98F172F81F32EDB70044FD0D /* Resources */,
				69176ED534CDEF22DDDF2B99 /* [CP] Embed Pods Frameworks */,
				628518DEB10BA5748AD8E91C /* [CP] Copy Pods Resources */,
			);
			buildRules = (
			);
			dependencies = (
				98F172FC1F32EDB70044FD0D /* PBXTargetDependency */,
			);
			name = pyunrihaeTests;
			productName = pyunrihaeTests;
			productReference = 98F172FA1F32EDB70044FD0D /* pyunrihaeTests.xctest */;
			productType = "com.apple.product-type.bundle.unit-test";
		};
		98F173041F32EDB70044FD0D /* pyunrihaeUITests */ = {
			isa = PBXNativeTarget;
			buildConfigurationList = 98F173141F32EDB80044FD0D /* Build configuration list for PBXNativeTarget "pyunrihaeUITests" */;
			buildPhases = (
				8AD86A910B8C6F5C034E5F1E /* [CP] Check Pods Manifest.lock */,
				98F173011F32EDB70044FD0D /* Sources */,
				98F173021F32EDB70044FD0D /* Frameworks */,
				98F173031F32EDB70044FD0D /* Resources */,
				FC16FC0056FC80CC0EA99F38 /* [CP] Embed Pods Frameworks */,
				7007DE942B21D8159433F194 /* [CP] Copy Pods Resources */,
			);
			buildRules = (
			);
			dependencies = (
				98F173071F32EDB70044FD0D /* PBXTargetDependency */,
			);
			name = pyunrihaeUITests;
			productName = pyunrihaeUITests;
			productReference = 98F173051F32EDB70044FD0D /* pyunrihaeUITests.xctest */;
			productType = "com.apple.product-type.bundle.ui-testing";
		};
/* End PBXNativeTarget section */

/* Begin PBXProject section */
		98F172DE1F32EDB70044FD0D /* Project object */ = {
			isa = PBXProject;
			attributes = {
				LastSwiftUpdateCheck = 0830;
				LastUpgradeCheck = 0830;
				ORGANIZATIONNAME = busride;
				TargetAttributes = {
					98F172E51F32EDB70044FD0D = {
						CreatedOnToolsVersion = 8.3.3;
						DevelopmentTeam = B3PWYBKFUK;
						ProvisioningStyle = Automatic;
					};
					98F172F91F32EDB70044FD0D = {
						CreatedOnToolsVersion = 8.3.3;
						ProvisioningStyle = Automatic;
						TestTargetID = 98F172E51F32EDB70044FD0D;
					};
					98F173041F32EDB70044FD0D = {
						CreatedOnToolsVersion = 8.3.3;
						ProvisioningStyle = Automatic;
						TestTargetID = 98F172E51F32EDB70044FD0D;
					};
				};
			};
			buildConfigurationList = 98F172E11F32EDB70044FD0D /* Build configuration list for PBXProject "pyunrihae" */;
			compatibilityVersion = "Xcode 3.2";
			developmentRegion = English;
			hasScannedForEncodings = 0;
			knownRegions = (
				en,
				Base,
			);
			mainGroup = 98F172DD1F32EDB70044FD0D;
			productRefGroup = 98F172E71F32EDB70044FD0D /* Products */;
			projectDirPath = "";
			projectRoot = "";
			targets = (
				98F172E51F32EDB70044FD0D /* pyunrihae */,
				98F172F91F32EDB70044FD0D /* pyunrihaeTests */,
				98F173041F32EDB70044FD0D /* pyunrihaeUITests */,
			);
		};
/* End PBXProject section */

/* Begin PBXResourcesBuildPhase section */
		98F172E41F32EDB70044FD0D /* Resources */ = {
			isa = PBXResourcesBuildPhase;
			buildActionMask = 2147483647;
			files = (
				9865E5021F39390100014795 /* search.png in Resources */,
				98CBA0D01F469E6C003D0370 /* ic_default.png in Resources */,
				98F172F41F32EDB70044FD0D /* LaunchScreen.storyboard in Resources */,
				98CBA0C21F467E7D003D0370 /* ic_add.png in Resources */,
				9865E5261F3AF2FF00014795 /* right.png in Resources */,
				9865E5181F39C2A000014795 /* stars.png in Resources */,
				98F8658B1F44021000C2F333 /* logo_cu.png in Resources */,
				98F865991F4407A700C2F333 /* ic_my.png in Resources */,
				98D8390A1F452E6200CDF699 /* ic_pyunrihae.png in Resources */,
				98F8658C1F44021000C2F333 /* logo_7eleven.png in Resources */,
				9865E5321F3AFAF500014795 /* bottom.png in Resources */,
				98CBA0C61F467FE0003D0370 /* ic_check.png in Resources */,
				98CBA0C41F467EE5003D0370 /* ic_dropdown.png in Resources */,
				98F8659A1F4407A700C2F333 /* ic_ranking_selected.png in Resources */,
				98F865851F43FB1A00C2F333 /* star3.png in Resources */,
				98CBA0BE1F458E87003D0370 /* ic_login_enabled.png in Resources */,
				98CBA0C01F466919003D0370 /* ic_review_write.png in Resources */,
				98F8658D1F44021000C2F333 /* logo_gs25.png in Resources */,
				98F865A11F442A3000C2F333 /* ic_login.png in Resources */,
				98F865971F4407A700C2F333 /* ic_home.png in Resources */,
				9865E5421F3C141C00014795 /* plus.png in Resources */,
				98CBA0CA1F468196003D0370 /* ic_star.png in Resources */,
				98DED89C1F41732700CC4D63 /* Main.storyboard in Resources */,
				98F865A31F442A3000C2F333 /* bg_login.png in Resources */,
				9865E5401F3C10A400014795 /* check.png in Resources */,
				98F865861F43FB1A00C2F333 /* star4.png in Resources */,
				98CBA0B61F458AFC003D0370 /* ic_user.png in Resources */,
				98F865B11F44340E00C2F333 /* ic_complete.png in Resources */,
				98CBA0D21F46AF3B003D0370 /* ic_nickname.png in Resources */,
				98CBA0CD1F468536003D0370 /* ic_like_filled.png in Resources */,
				98D9F2DF1F418DF3009D0E10 /* LICENSE in Resources */,
				98CBA0BD1F458E87003D0370 /* ic_login_disabled.png in Resources */,
				98F865841F43FB1A00C2F333 /* star2.png in Resources */,
				98CBA0CE1F468536003D0370 /* ic_like.png in Resources */,
				98F865871F43FB1A00C2F333 /* star5.png in Resources */,
				98D9F2E41F418DF3009D0E10 /* YNSearch.xcassets in Resources */,
				984395861F32F29A0016B67D /* GoogleService-Info.plist in Resources */,
				98F865AB1F442F8B00C2F333 /* ic_password.png in Resources */,
				98F865A71F442EE100C2F333 /* ic_close.png in Resources */,
				98CBA0B81F458BA8003D0370 /* back_right.png in Resources */,
				98F8659B1F4407A700C2F333 /* ic_ranking.png in Resources */,
				98F865981F4407A700C2F333 /* ic_my_selected.png in Resources */,
				98CBA0D61F4AE17B003D0370 /* ic_common.png in Resources */,
				9865E53A1F3BD81E00014795 /* back.png in Resources */,
				98F865961F4407A700C2F333 /* ic_home_selected.png in Resources */,
				98F172F11F32EDB70044FD0D /* Assets.xcassets in Resources */,
				98F8659C1F4407A700C2F333 /* ic_review_selected.png in Resources */,
				98F865B01F44340E00C2F333 /* ic_complete_enabled.png in Resources */,
				9865E5441F3C1D4200014795 /* star.png in Resources */,
				98D839081F452DF200CDF699 /* bg_login2.png in Resources */,
				98CBA0C91F468196003D0370 /* ic_star_filled.png in Resources */,
				98F8659D1F4407A700C2F333 /* ic_review.png in Resources */,
				98F865831F43FB1A00C2F333 /* star1.png in Resources */,
				98D569121F46ABC7002693E9 /* user_default.png in Resources */,
				98F865AD1F44317C00C2F333 /* ic_close_gray.png in Resources */,
				98F865A21F442A3000C2F333 /* ic_emailsignup.png in Resources */,
				98F865A91F442F8700C2F333 /* ic_mail.png in Resources */,
				9865E5141F39A92700014795 /* dropdown.png in Resources */,
			);
			runOnlyForDeploymentPostprocessing = 0;
		};
		98F172F81F32EDB70044FD0D /* Resources */ = {
			isa = PBXResourcesBuildPhase;
			buildActionMask = 2147483647;
			files = (
			);
			runOnlyForDeploymentPostprocessing = 0;
		};
		98F173031F32EDB70044FD0D /* Resources */ = {
			isa = PBXResourcesBuildPhase;
			buildActionMask = 2147483647;
			files = (
			);
			runOnlyForDeploymentPostprocessing = 0;
		};
/* End PBXResourcesBuildPhase section */

/* Begin PBXShellScriptBuildPhase section */
		24DFC8C71AEAF56A29B8C12D /* [CP] Copy Pods Resources */ = {
			isa = PBXShellScriptBuildPhase;
			buildActionMask = 2147483647;
			files = (
			);
			inputPaths = (
			);
			name = "[CP] Copy Pods Resources";
			outputPaths = (
			);
			runOnlyForDeploymentPostprocessing = 0;
			shellPath = /bin/sh;
			shellScript = "\"${SRCROOT}/Pods/Target Support Files/Pods-pyunrihae/Pods-pyunrihae-resources.sh\"\n";
			showEnvVarsInLog = 0;
		};
		421EDD1A2C9C58AF10A44ACB /* [CP] Check Pods Manifest.lock */ = {
			isa = PBXShellScriptBuildPhase;
			buildActionMask = 2147483647;
			files = (
			);
			inputPaths = (
			);
			name = "[CP] Check Pods Manifest.lock";
			outputPaths = (
			);
			runOnlyForDeploymentPostprocessing = 0;
			shellPath = /bin/sh;
			shellScript = "diff \"${PODS_PODFILE_DIR_PATH}/Podfile.lock\" \"${PODS_ROOT}/Manifest.lock\" > /dev/null\nif [ $? != 0 ] ; then\n    # print error to STDERR\n    echo \"error: The sandbox is not in sync with the Podfile.lock. Run 'pod install' or update your CocoaPods installation.\" >&2\n    exit 1\nfi\n";
			showEnvVarsInLog = 0;
		};
		587EC5AC5552B8323941BD3C /* [CP] Check Pods Manifest.lock */ = {
			isa = PBXShellScriptBuildPhase;
			buildActionMask = 2147483647;
			files = (
			);
			inputPaths = (
			);
			name = "[CP] Check Pods Manifest.lock";
			outputPaths = (
			);
			runOnlyForDeploymentPostprocessing = 0;
			shellPath = /bin/sh;
			shellScript = "diff \"${PODS_PODFILE_DIR_PATH}/Podfile.lock\" \"${PODS_ROOT}/Manifest.lock\" > /dev/null\nif [ $? != 0 ] ; then\n    # print error to STDERR\n    echo \"error: The sandbox is not in sync with the Podfile.lock. Run 'pod install' or update your CocoaPods installation.\" >&2\n    exit 1\nfi\n";
			showEnvVarsInLog = 0;
		};
		628518DEB10BA5748AD8E91C /* [CP] Copy Pods Resources */ = {
			isa = PBXShellScriptBuildPhase;
			buildActionMask = 2147483647;
			files = (
			);
			inputPaths = (
			);
			name = "[CP] Copy Pods Resources";
			outputPaths = (
			);
			runOnlyForDeploymentPostprocessing = 0;
			shellPath = /bin/sh;
			shellScript = "\"${SRCROOT}/Pods/Target Support Files/Pods-pyunrihaeTests/Pods-pyunrihaeTests-resources.sh\"\n";
			showEnvVarsInLog = 0;
		};
		69176ED534CDEF22DDDF2B99 /* [CP] Embed Pods Frameworks */ = {
			isa = PBXShellScriptBuildPhase;
			buildActionMask = 2147483647;
			files = (
			);
			inputPaths = (
			);
			name = "[CP] Embed Pods Frameworks";
			outputPaths = (
			);
			runOnlyForDeploymentPostprocessing = 0;
			shellPath = /bin/sh;
			shellScript = "\"${SRCROOT}/Pods/Target Support Files/Pods-pyunrihaeTests/Pods-pyunrihaeTests-frameworks.sh\"\n";
			showEnvVarsInLog = 0;
		};
		7007DE942B21D8159433F194 /* [CP] Copy Pods Resources */ = {
			isa = PBXShellScriptBuildPhase;
			buildActionMask = 2147483647;
			files = (
			);
			inputPaths = (
			);
			name = "[CP] Copy Pods Resources";
			outputPaths = (
			);
			runOnlyForDeploymentPostprocessing = 0;
			shellPath = /bin/sh;
			shellScript = "\"${SRCROOT}/Pods/Target Support Files/Pods-pyunrihaeUITests/Pods-pyunrihaeUITests-resources.sh\"\n";
			showEnvVarsInLog = 0;
		};
		8AD86A910B8C6F5C034E5F1E /* [CP] Check Pods Manifest.lock */ = {
			isa = PBXShellScriptBuildPhase;
			buildActionMask = 2147483647;
			files = (
			);
			inputPaths = (
			);
			name = "[CP] Check Pods Manifest.lock";
			outputPaths = (
			);
			runOnlyForDeploymentPostprocessing = 0;
			shellPath = /bin/sh;
			shellScript = "diff \"${PODS_PODFILE_DIR_PATH}/Podfile.lock\" \"${PODS_ROOT}/Manifest.lock\" > /dev/null\nif [ $? != 0 ] ; then\n    # print error to STDERR\n    echo \"error: The sandbox is not in sync with the Podfile.lock. Run 'pod install' or update your CocoaPods installation.\" >&2\n    exit 1\nfi\n";
			showEnvVarsInLog = 0;
		};
		C827A40123A93FC24DCE78F1 /* [CP] Embed Pods Frameworks */ = {
			isa = PBXShellScriptBuildPhase;
			buildActionMask = 2147483647;
			files = (
			);
			inputPaths = (
			);
			name = "[CP] Embed Pods Frameworks";
			outputPaths = (
			);
			runOnlyForDeploymentPostprocessing = 0;
			shellPath = /bin/sh;
			shellScript = "\"${SRCROOT}/Pods/Target Support Files/Pods-pyunrihae/Pods-pyunrihae-frameworks.sh\"\n";
			showEnvVarsInLog = 0;
		};
		FC16FC0056FC80CC0EA99F38 /* [CP] Embed Pods Frameworks */ = {
			isa = PBXShellScriptBuildPhase;
			buildActionMask = 2147483647;
			files = (
			);
			inputPaths = (
			);
			name = "[CP] Embed Pods Frameworks";
			outputPaths = (
			);
			runOnlyForDeploymentPostprocessing = 0;
			shellPath = /bin/sh;
			shellScript = "\"${SRCROOT}/Pods/Target Support Files/Pods-pyunrihaeUITests/Pods-pyunrihaeUITests-frameworks.sh\"\n";
			showEnvVarsInLog = 0;
		};
/* End PBXShellScriptBuildPhase section */

/* Begin PBXSourcesBuildPhase section */
		98F172E21F32EDB70044FD0D /* Sources */ = {
			isa = PBXSourcesBuildPhase;
			buildActionMask = 2147483647;
			files = (
				98F865A51F442B3800C2F333 /* LoginSignUpViewController.swift in Sources */,
				98D9F2E31F418DF3009D0E10 /* YNSearch.swift in Sources */,
				98DED89B1F41729100CC4D63 /* SearchViewController.swift in Sources */,
				9865E4F61F387C7A00014795 /* TabBarViewController.swift in Sources */,
				9865E52C1F3AF3EE00014795 /* MypageTableViewCell.swift in Sources */,
				9865E54A1F3C436000014795 /* ProductReviewTableViewCell.swift in Sources */,
				98D9F2E01F418DF3009D0E10 /* README.md in Sources */,
				9865E4F81F38801B00014795 /* TabBarView.swift in Sources */,
				98D9F2EC1F418DF3009D0E10 /* YNSearchTextField.swift in Sources */,
				98D9F2E71F418DF3009D0E10 /* YNSearchHistoryButton.swift in Sources */,
				9865E55C1F417E2000014795 /* SelectedAllergy.swift in Sources */,
				981E932A1F38666E004BE63B /* RankingViewController.swift in Sources */,
				98D9F2EE1F418DF3009D0E10 /* YNSearchViewController.swift in Sources */,
				9865E53C1F3C0BD500014795 /* AllergyViewController.swift in Sources */,
				981E932E1F386681004BE63B /* MypageViewController.swift in Sources */,
				9865E5081F3943BD00014795 /* Button.swift in Sources */,
				98B82EDC1F45352A001C63A4 /* Validator.swift in Sources */,
				98D9F2E61F418DF3009D0E10 /* YNSearchExtension.swift in Sources */,
				98D9F2EA1F418DF3009D0E10 /* YNSearchMainView.swift in Sources */,
				9865E5221F3AD8BE00014795 /* RankingCollectionViewCell.swift in Sources */,
				9865E5241F3AE04C00014795 /* Label.swift in Sources */,
				9865E55A1F3D837200014795 /* SelectedProduct.swift in Sources */,
				9865E5341F3AFEFE00014795 /* WritingReviewViewController.swift in Sources */,
				98D9F2E91F418DF3009D0E10 /* YNSearchListViewCell.swift in Sources */,
				9865E53E1F3C0C1000014795 /* AllergyTableViewCell.swift in Sources */,
				9865E56C1F42E55E00014795 /* BigImageViewController.swift in Sources */,
				98B73F881F394CAB00E55420 /* Product.swift in Sources */,
				98B73F861F39394500E55420 /* Review.swift in Sources */,
				9865E5161F39AD8100014795 /* ReviewCollectionViewCell.swift in Sources */,
				98CBA0D41F4ACA73003D0370 /* UpdateNicknameViewController.swift in Sources */,
				9865E5301F3AFA0300014795 /* ProductDetailViewController.swift in Sources */,
				9865E5461F3C434200014795 /* ProductInfoTableViewCell.swift in Sources */,
				981E932C1F386677004BE63B /* ReviewViewController.swift in Sources */,
				98F172EA1F32EDB70044FD0D /* AppDelegate.swift in Sources */,
				98C5AACE1F33FAE800610115 /* MainViewController.swift in Sources */,
				9865E50E1F394E4600014795 /* MainRankCollectionViewCell.swift in Sources */,
				98768AA01F39A5D600654C19 /* DataManager.swift in Sources */,
				9865E5101F3957C000014795 /* CategoryScrollView.swift in Sources */,
				98CBA0BA1F458DC1003D0370 /* LoginViewController.swift in Sources */,
				98D9F2E21F418DF3009D0E10 /* YNCategoryButton.swift in Sources */,
				9865E5481F3C435100014795 /* ProductDetailInfoTableViewCell.swift in Sources */,
				9865E5541F3D351B00014795 /* PhotoCollectionViewCell.swift in Sources */,
				98B82EDE1F45748D001C63A4 /* User.swift in Sources */,
				98D9F2E11F418DF3009D0E10 /* Objectification.swift in Sources */,
				98F865B31F4434F800C2F333 /* SignupViewController.swift in Sources */,
				98D9F2E81F418DF3009D0E10 /* YNSearchListView.swift in Sources */,
				9865E54E1F3C576D00014795 /* Image.swift in Sources */,
				98D9F2E51F418DF3009D0E10 /* YNSearchDelegate.swift in Sources */,
				98D9F2EB1F418DF3009D0E10 /* YNSearchModel.swift in Sources */,
				98D9F2ED1F418DF3009D0E10 /* YNSearchView.swift in Sources */,
			);
			runOnlyForDeploymentPostprocessing = 0;
		};
		98F172F61F32EDB70044FD0D /* Sources */ = {
			isa = PBXSourcesBuildPhase;
			buildActionMask = 2147483647;
			files = (
				98F172FF1F32EDB70044FD0D /* pyunrihaeTests.swift in Sources */,
			);
			runOnlyForDeploymentPostprocessing = 0;
		};
		98F173011F32EDB70044FD0D /* Sources */ = {
			isa = PBXSourcesBuildPhase;
			buildActionMask = 2147483647;
			files = (
				98F1730A1F32EDB70044FD0D /* pyunrihaeUITests.swift in Sources */,
			);
			runOnlyForDeploymentPostprocessing = 0;
		};
/* End PBXSourcesBuildPhase section */

/* Begin PBXTargetDependency section */
		98F172FC1F32EDB70044FD0D /* PBXTargetDependency */ = {
			isa = PBXTargetDependency;
			target = 98F172E51F32EDB70044FD0D /* pyunrihae */;
			targetProxy = 98F172FB1F32EDB70044FD0D /* PBXContainerItemProxy */;
		};
		98F173071F32EDB70044FD0D /* PBXTargetDependency */ = {
			isa = PBXTargetDependency;
			target = 98F172E51F32EDB70044FD0D /* pyunrihae */;
			targetProxy = 98F173061F32EDB70044FD0D /* PBXContainerItemProxy */;
		};
/* End PBXTargetDependency section */

/* Begin PBXVariantGroup section */
		98F172ED1F32EDB70044FD0D /* Main.storyboard */ = {
			isa = PBXVariantGroup;
			children = (
				98F172EE1F32EDB70044FD0D /* Base */,
			);
			name = Main.storyboard;
			sourceTree = "<group>";
		};
		98F172F21F32EDB70044FD0D /* LaunchScreen.storyboard */ = {
			isa = PBXVariantGroup;
			children = (
				98F172F31F32EDB70044FD0D /* Base */,
			);
			name = LaunchScreen.storyboard;
			sourceTree = "<group>";
		};
/* End PBXVariantGroup section */

/* Begin XCBuildConfiguration section */
		98F1730C1F32EDB80044FD0D /* Debug */ = {
			isa = XCBuildConfiguration;
			buildSettings = {
				ALWAYS_SEARCH_USER_PATHS = NO;
				CLANG_ANALYZER_NONNULL = YES;
				CLANG_ANALYZER_NUMBER_OBJECT_CONVERSION = YES_AGGRESSIVE;
				CLANG_CXX_LANGUAGE_STANDARD = "gnu++0x";
				CLANG_CXX_LIBRARY = "libc++";
				CLANG_ENABLE_MODULES = YES;
				CLANG_ENABLE_OBJC_ARC = YES;
				CLANG_WARN_BOOL_CONVERSION = YES;
				CLANG_WARN_CONSTANT_CONVERSION = YES;
				CLANG_WARN_DIRECT_OBJC_ISA_USAGE = YES_ERROR;
				CLANG_WARN_DOCUMENTATION_COMMENTS = YES;
				CLANG_WARN_EMPTY_BODY = YES;
				CLANG_WARN_ENUM_CONVERSION = YES;
				CLANG_WARN_INFINITE_RECURSION = YES;
				CLANG_WARN_INT_CONVERSION = YES;
				CLANG_WARN_OBJC_ROOT_CLASS = YES_ERROR;
				CLANG_WARN_SUSPICIOUS_MOVE = YES;
				CLANG_WARN_UNREACHABLE_CODE = YES;
				CLANG_WARN__DUPLICATE_METHOD_MATCH = YES;
				"CODE_SIGN_IDENTITY[sdk=iphoneos*]" = "iPhone Developer";
				COPY_PHASE_STRIP = NO;
				DEBUG_INFORMATION_FORMAT = dwarf;
				ENABLE_STRICT_OBJC_MSGSEND = YES;
				ENABLE_TESTABILITY = YES;
				GCC_C_LANGUAGE_STANDARD = gnu99;
				GCC_DYNAMIC_NO_PIC = NO;
				GCC_NO_COMMON_BLOCKS = YES;
				GCC_OPTIMIZATION_LEVEL = 0;
				GCC_PREPROCESSOR_DEFINITIONS = (
					"DEBUG=1",
					"$(inherited)",
				);
				GCC_WARN_64_TO_32_BIT_CONVERSION = YES;
				GCC_WARN_ABOUT_RETURN_TYPE = YES_ERROR;
				GCC_WARN_UNDECLARED_SELECTOR = YES;
				GCC_WARN_UNINITIALIZED_AUTOS = YES_AGGRESSIVE;
				GCC_WARN_UNUSED_FUNCTION = YES;
				GCC_WARN_UNUSED_VARIABLE = YES;
				IPHONEOS_DEPLOYMENT_TARGET = 10.3;
				MTL_ENABLE_DEBUG_INFO = YES;
				ONLY_ACTIVE_ARCH = YES;
				SDKROOT = iphoneos;
				SWIFT_ACTIVE_COMPILATION_CONDITIONS = DEBUG;
				SWIFT_OPTIMIZATION_LEVEL = "-Onone";
			};
			name = Debug;
		};
		98F1730D1F32EDB80044FD0D /* Release */ = {
			isa = XCBuildConfiguration;
			buildSettings = {
				ALWAYS_SEARCH_USER_PATHS = NO;
				CLANG_ANALYZER_NONNULL = YES;
				CLANG_ANALYZER_NUMBER_OBJECT_CONVERSION = YES_AGGRESSIVE;
				CLANG_CXX_LANGUAGE_STANDARD = "gnu++0x";
				CLANG_CXX_LIBRARY = "libc++";
				CLANG_ENABLE_MODULES = YES;
				CLANG_ENABLE_OBJC_ARC = YES;
				CLANG_WARN_BOOL_CONVERSION = YES;
				CLANG_WARN_CONSTANT_CONVERSION = YES;
				CLANG_WARN_DIRECT_OBJC_ISA_USAGE = YES_ERROR;
				CLANG_WARN_DOCUMENTATION_COMMENTS = YES;
				CLANG_WARN_EMPTY_BODY = YES;
				CLANG_WARN_ENUM_CONVERSION = YES;
				CLANG_WARN_INFINITE_RECURSION = YES;
				CLANG_WARN_INT_CONVERSION = YES;
				CLANG_WARN_OBJC_ROOT_CLASS = YES_ERROR;
				CLANG_WARN_SUSPICIOUS_MOVE = YES;
				CLANG_WARN_UNREACHABLE_CODE = YES;
				CLANG_WARN__DUPLICATE_METHOD_MATCH = YES;
				"CODE_SIGN_IDENTITY[sdk=iphoneos*]" = "iPhone Developer";
				COPY_PHASE_STRIP = NO;
				DEBUG_INFORMATION_FORMAT = "dwarf-with-dsym";
				ENABLE_NS_ASSERTIONS = NO;
				ENABLE_STRICT_OBJC_MSGSEND = YES;
				GCC_C_LANGUAGE_STANDARD = gnu99;
				GCC_NO_COMMON_BLOCKS = YES;
				GCC_WARN_64_TO_32_BIT_CONVERSION = YES;
				GCC_WARN_ABOUT_RETURN_TYPE = YES_ERROR;
				GCC_WARN_UNDECLARED_SELECTOR = YES;
				GCC_WARN_UNINITIALIZED_AUTOS = YES_AGGRESSIVE;
				GCC_WARN_UNUSED_FUNCTION = YES;
				GCC_WARN_UNUSED_VARIABLE = YES;
				IPHONEOS_DEPLOYMENT_TARGET = 10.3;
				MTL_ENABLE_DEBUG_INFO = NO;
				SDKROOT = iphoneos;
				SWIFT_OPTIMIZATION_LEVEL = "-Owholemodule";
				VALIDATE_PRODUCT = YES;
			};
			name = Release;
		};
		98F1730F1F32EDB80044FD0D /* Debug */ = {
			isa = XCBuildConfiguration;
			baseConfigurationReference = 40074A42A71C85B97C9ED731 /* Pods-pyunrihae.debug.xcconfig */;
			buildSettings = {
				ASSETCATALOG_COMPILER_APPICON_NAME = AppIcon;
				DEVELOPMENT_TEAM = B3PWYBKFUK;
				INFOPLIST_FILE = pyunrihae/Info.plist;
				IPHONEOS_DEPLOYMENT_TARGET = 10.0;
				LD_RUNPATH_SEARCH_PATHS = "$(inherited) @executable_path/Frameworks";
				PRODUCT_BUNDLE_IDENTIFIER = com.busride.pyunrihae;
				PRODUCT_NAME = "$(TARGET_NAME)";
				SWIFT_VERSION = 3.0;
			};
			name = Debug;
		};
		98F173101F32EDB80044FD0D /* Release */ = {
			isa = XCBuildConfiguration;
			baseConfigurationReference = 7CA4DBEA1A634BF99D8EFBF2 /* Pods-pyunrihae.release.xcconfig */;
			buildSettings = {
				ASSETCATALOG_COMPILER_APPICON_NAME = AppIcon;
				DEVELOPMENT_TEAM = B3PWYBKFUK;
				INFOPLIST_FILE = pyunrihae/Info.plist;
				IPHONEOS_DEPLOYMENT_TARGET = 10.0;
				LD_RUNPATH_SEARCH_PATHS = "$(inherited) @executable_path/Frameworks";
				PRODUCT_BUNDLE_IDENTIFIER = com.busride.pyunrihae;
				PRODUCT_NAME = "$(TARGET_NAME)";
				SWIFT_VERSION = 3.0;
			};
			name = Release;
		};
		98F173121F32EDB80044FD0D /* Debug */ = {
			isa = XCBuildConfiguration;
			baseConfigurationReference = C9D07E3D80B114A5E56DAC60 /* Pods-pyunrihaeTests.debug.xcconfig */;
			buildSettings = {
				ALWAYS_EMBED_SWIFT_STANDARD_LIBRARIES = YES;
				BUNDLE_LOADER = "$(TEST_HOST)";
				INFOPLIST_FILE = pyunrihaeTests/Info.plist;
				LD_RUNPATH_SEARCH_PATHS = "$(inherited) @executable_path/Frameworks @loader_path/Frameworks";
				PRODUCT_BUNDLE_IDENTIFIER = com.busride.pyunrihaeTests;
				PRODUCT_NAME = "$(TARGET_NAME)";
				SWIFT_VERSION = 3.0;
				TEST_HOST = "$(BUILT_PRODUCTS_DIR)/pyunrihae.app/pyunrihae";
			};
			name = Debug;
		};
		98F173131F32EDB80044FD0D /* Release */ = {
			isa = XCBuildConfiguration;
			baseConfigurationReference = EF44EF9D49A783BEA8DDF20D /* Pods-pyunrihaeTests.release.xcconfig */;
			buildSettings = {
				ALWAYS_EMBED_SWIFT_STANDARD_LIBRARIES = YES;
				BUNDLE_LOADER = "$(TEST_HOST)";
				INFOPLIST_FILE = pyunrihaeTests/Info.plist;
				LD_RUNPATH_SEARCH_PATHS = "$(inherited) @executable_path/Frameworks @loader_path/Frameworks";
				PRODUCT_BUNDLE_IDENTIFIER = com.busride.pyunrihaeTests;
				PRODUCT_NAME = "$(TARGET_NAME)";
				SWIFT_VERSION = 3.0;
				TEST_HOST = "$(BUILT_PRODUCTS_DIR)/pyunrihae.app/pyunrihae";
			};
			name = Release;
		};
		98F173151F32EDB80044FD0D /* Debug */ = {
			isa = XCBuildConfiguration;
			baseConfigurationReference = 8031BBFEA7C96B0C91D5EAA8 /* Pods-pyunrihaeUITests.debug.xcconfig */;
			buildSettings = {
				ALWAYS_EMBED_SWIFT_STANDARD_LIBRARIES = YES;
				INFOPLIST_FILE = pyunrihaeUITests/Info.plist;
				LD_RUNPATH_SEARCH_PATHS = "$(inherited) @executable_path/Frameworks @loader_path/Frameworks";
				PRODUCT_BUNDLE_IDENTIFIER = com.busride.pyunrihaeUITests;
				PRODUCT_NAME = "$(TARGET_NAME)";
				SWIFT_VERSION = 3.0;
				TEST_TARGET_NAME = pyunrihae;
			};
			name = Debug;
		};
		98F173161F32EDB80044FD0D /* Release */ = {
			isa = XCBuildConfiguration;
			baseConfigurationReference = 1B085AE2D2B3D6AD37BF1C6F /* Pods-pyunrihaeUITests.release.xcconfig */;
			buildSettings = {
				ALWAYS_EMBED_SWIFT_STANDARD_LIBRARIES = YES;
				INFOPLIST_FILE = pyunrihaeUITests/Info.plist;
				LD_RUNPATH_SEARCH_PATHS = "$(inherited) @executable_path/Frameworks @loader_path/Frameworks";
				PRODUCT_BUNDLE_IDENTIFIER = com.busride.pyunrihaeUITests;
				PRODUCT_NAME = "$(TARGET_NAME)";
				SWIFT_VERSION = 3.0;
				TEST_TARGET_NAME = pyunrihae;
			};
			name = Release;
		};
/* End XCBuildConfiguration section */

/* Begin XCConfigurationList section */
		98F172E11F32EDB70044FD0D /* Build configuration list for PBXProject "pyunrihae" */ = {
			isa = XCConfigurationList;
			buildConfigurations = (
				98F1730C1F32EDB80044FD0D /* Debug */,
				98F1730D1F32EDB80044FD0D /* Release */,
			);
			defaultConfigurationIsVisible = 0;
			defaultConfigurationName = Release;
		};
		98F1730E1F32EDB80044FD0D /* Build configuration list for PBXNativeTarget "pyunrihae" */ = {
			isa = XCConfigurationList;
			buildConfigurations = (
				98F1730F1F32EDB80044FD0D /* Debug */,
				98F173101F32EDB80044FD0D /* Release */,
			);
			defaultConfigurationIsVisible = 0;
			defaultConfigurationName = Release;
		};
		98F173111F32EDB80044FD0D /* Build configuration list for PBXNativeTarget "pyunrihaeTests" */ = {
			isa = XCConfigurationList;
			buildConfigurations = (
				98F173121F32EDB80044FD0D /* Debug */,
				98F173131F32EDB80044FD0D /* Release */,
			);
			defaultConfigurationIsVisible = 0;
			defaultConfigurationName = Release;
		};
		98F173141F32EDB80044FD0D /* Build configuration list for PBXNativeTarget "pyunrihaeUITests" */ = {
			isa = XCConfigurationList;
			buildConfigurations = (
				98F173151F32EDB80044FD0D /* Debug */,
				98F173161F32EDB80044FD0D /* Release */,
			);
			defaultConfigurationIsVisible = 0;
			defaultConfigurationName = Release;
		};
/* End XCConfigurationList section */
	};
	rootObject = 98F172DE1F32EDB70044FD0D /* Project object */;
}
