// !$*UTF8*$!
{
	archiveVersion = 1;
	classes = {
	};
	objectVersion = 46;
	objects = {

/* Begin PBXBuildFile section */
		025FB54D69452E7E0E398251 /* Pods_pyunrihae.framework in Frameworks */ = {isa = PBXBuildFile; fileRef = 4488E201DEAF59744BC95780 /* Pods_pyunrihae.framework */; };
		14F146B434332A2D6E2CFF9B /* Pods_pyunrihaeUITests.framework in Frameworks */ = {isa = PBXBuildFile; fileRef = 40585D3F57E929D9644DF6CD /* Pods_pyunrihaeUITests.framework */; };
		984395861F32F29A0016B67D /* GoogleService-Info.plist in Resources */ = {isa = PBXBuildFile; fileRef = 984395851F32F29A0016B67D /* GoogleService-Info.plist */; };
		98C5AACE1F33FAE800610115 /* MainViewController.swift in Sources */ = {isa = PBXBuildFile; fileRef = 98C5AACD1F33FAE800610115 /* MainViewController.swift */; };
		98C5AAD01F33FAF900610115 /* RankingViewController.swift in Sources */ = {isa = PBXBuildFile; fileRef = 98C5AACF1F33FAF900610115 /* RankingViewController.swift */; };
		98C5AAD21F33FB0200610115 /* RecipeViewController.swift in Sources */ = {isa = PBXBuildFile; fileRef = 98C5AAD11F33FB0200610115 /* RecipeViewController.swift */; };
		98C5AAD41F33FB4200610115 /* LoginViewController.swift in Sources */ = {isa = PBXBuildFile; fileRef = 98C5AAD31F33FB4200610115 /* LoginViewController.swift */; };
		98D819091F33066600BE2A95 /* EventViewController.swift in Sources */ = {isa = PBXBuildFile; fileRef = 98D819081F33066600BE2A95 /* EventViewController.swift */; };
		98D8190B1F330D2F00BE2A95 /* EventDetailViewController.swift in Sources */ = {isa = PBXBuildFile; fileRef = 98D8190A1F330D2F00BE2A95 /* EventDetailViewController.swift */; };
		98D8190F1F330EE700BE2A95 /* EventTableViewCell.swift in Sources */ = {isa = PBXBuildFile; fileRef = 98D8190E1F330EE700BE2A95 /* EventTableViewCell.swift */; };
		98F172EA1F32EDB70044FD0D /* AppDelegate.swift in Sources */ = {isa = PBXBuildFile; fileRef = 98F172E91F32EDB70044FD0D /* AppDelegate.swift */; };
		98F172EF1F32EDB70044FD0D /* Main.storyboard in Resources */ = {isa = PBXBuildFile; fileRef = 98F172ED1F32EDB70044FD0D /* Main.storyboard */; };
		98F172F11F32EDB70044FD0D /* Assets.xcassets in Resources */ = {isa = PBXBuildFile; fileRef = 98F172F01F32EDB70044FD0D /* Assets.xcassets */; };
		98F172F41F32EDB70044FD0D /* LaunchScreen.storyboard in Resources */ = {isa = PBXBuildFile; fileRef = 98F172F21F32EDB70044FD0D /* LaunchScreen.storyboard */; };
		98F172FF1F32EDB70044FD0D /* pyunrihaeTests.swift in Sources */ = {isa = PBXBuildFile; fileRef = 98F172FE1F32EDB70044FD0D /* pyunrihaeTests.swift */; };
		98F1730A1F32EDB70044FD0D /* pyunrihaeUITests.swift in Sources */ = {isa = PBXBuildFile; fileRef = 98F173091F32EDB70044FD0D /* pyunrihaeUITests.swift */; };
		9C668EF8CEE8D438D3632CC9 /* Pods_pyunrihaeTests.framework in Frameworks */ = {isa = PBXBuildFile; fileRef = 1319BEB880E29049AC8F0515 /* Pods_pyunrihaeTests.framework */; };
/* End PBXBuildFile section */

/* Begin PBXContainerItemProxy section */
		98F172FB1F32EDB70044FD0D /* PBXContainerItemProxy */ = {
			isa = PBXContainerItemProxy;
			containerPortal = 98F172DE1F32EDB70044FD0D /* Project object */;
			proxyType = 1;
			remoteGlobalIDString = 98F172E51F32EDB70044FD0D;
			remoteInfo = pyunrihae;
		};
		98F173061F32EDB70044FD0D /* PBXContainerItemProxy */ = {
			isa = PBXContainerItemProxy;
			containerPortal = 98F172DE1F32EDB70044FD0D /* Project object */;
			proxyType = 1;
			remoteGlobalIDString = 98F172E51F32EDB70044FD0D;
			remoteInfo = pyunrihae;
		};
/* End PBXContainerItemProxy section */

/* Begin PBXFileReference section */
		1319BEB880E29049AC8F0515 /* Pods_pyunrihaeTests.framework */ = {isa = PBXFileReference; explicitFileType = wrapper.framework; includeInIndex = 0; path = Pods_pyunrihaeTests.framework; sourceTree = BUILT_PRODUCTS_DIR; };
		1B085AE2D2B3D6AD37BF1C6F /* Pods-pyunrihaeUITests.release.xcconfig */ = {isa = PBXFileReference; includeInIndex = 1; lastKnownFileType = text.xcconfig; name = "Pods-pyunrihaeUITests.release.xcconfig"; path = "Pods/Target Support Files/Pods-pyunrihaeUITests/Pods-pyunrihaeUITests.release.xcconfig"; sourceTree = "<group>"; };
		40074A42A71C85B97C9ED731 /* Pods-pyunrihae.debug.xcconfig */ = {isa = PBXFileReference; includeInIndex = 1; lastKnownFileType = text.xcconfig; name = "Pods-pyunrihae.debug.xcconfig"; path = "Pods/Target Support Files/Pods-pyunrihae/Pods-pyunrihae.debug.xcconfig"; sourceTree = "<group>"; };
		40585D3F57E929D9644DF6CD /* Pods_pyunrihaeUITests.framework */ = {isa = PBXFileReference; explicitFileType = wrapper.framework; includeInIndex = 0; path = Pods_pyunrihaeUITests.framework; sourceTree = BUILT_PRODUCTS_DIR; };
		4488E201DEAF59744BC95780 /* Pods_pyunrihae.framework */ = {isa = PBXFileReference; explicitFileType = wrapper.framework; includeInIndex = 0; path = Pods_pyunrihae.framework; sourceTree = BUILT_PRODUCTS_DIR; };
		7CA4DBEA1A634BF99D8EFBF2 /* Pods-pyunrihae.release.xcconfig */ = {isa = PBXFileReference; includeInIndex = 1; lastKnownFileType = text.xcconfig; name = "Pods-pyunrihae.release.xcconfig"; path = "Pods/Target Support Files/Pods-pyunrihae/Pods-pyunrihae.release.xcconfig"; sourceTree = "<group>"; };
		8031BBFEA7C96B0C91D5EAA8 /* Pods-pyunrihaeUITests.debug.xcconfig */ = {isa = PBXFileReference; includeInIndex = 1; lastKnownFileType = text.xcconfig; name = "Pods-pyunrihaeUITests.debug.xcconfig"; path = "Pods/Target Support Files/Pods-pyunrihaeUITests/Pods-pyunrihaeUITests.debug.xcconfig"; sourceTree = "<group>"; };
		984395851F32F29A0016B67D /* GoogleService-Info.plist */ = {isa = PBXFileReference; fileEncoding = 4; lastKnownFileType = text.plist.xml; path = "GoogleService-Info.plist"; sourceTree = "<group>"; };
		98C5AACD1F33FAE800610115 /* MainViewController.swift */ = {isa = PBXFileReference; fileEncoding = 4; lastKnownFileType = sourcecode.swift; path = MainViewController.swift; sourceTree = "<group>"; };
		98C5AACF1F33FAF900610115 /* RankingViewController.swift */ = {isa = PBXFileReference; fileEncoding = 4; lastKnownFileType = sourcecode.swift; path = RankingViewController.swift; sourceTree = "<group>"; };
		98C5AAD11F33FB0200610115 /* RecipeViewController.swift */ = {isa = PBXFileReference; fileEncoding = 4; lastKnownFileType = sourcecode.swift; path = RecipeViewController.swift; sourceTree = "<group>"; };
		98C5AAD31F33FB4200610115 /* LoginViewController.swift */ = {isa = PBXFileReference; fileEncoding = 4; lastKnownFileType = sourcecode.swift; path = LoginViewController.swift; sourceTree = "<group>"; };
		98D819081F33066600BE2A95 /* EventViewController.swift */ = {isa = PBXFileReference; fileEncoding = 4; lastKnownFileType = sourcecode.swift; path = EventViewController.swift; sourceTree = "<group>"; };
		98D8190A1F330D2F00BE2A95 /* EventDetailViewController.swift */ = {isa = PBXFileReference; fileEncoding = 4; lastKnownFileType = sourcecode.swift; path = EventDetailViewController.swift; sourceTree = "<group>"; };
		98D8190E1F330EE700BE2A95 /* EventTableViewCell.swift */ = {isa = PBXFileReference; fileEncoding = 4; lastKnownFileType = sourcecode.swift; path = EventTableViewCell.swift; sourceTree = "<group>"; };
		98F172E61F32EDB70044FD0D /* pyunrihae.app */ = {isa = PBXFileReference; explicitFileType = wrapper.application; includeInIndex = 0; path = pyunrihae.app; sourceTree = BUILT_PRODUCTS_DIR; };
		98F172E91F32EDB70044FD0D /* AppDelegate.swift */ = {isa = PBXFileReference; lastKnownFileType = sourcecode.swift; path = AppDelegate.swift; sourceTree = "<group>"; };
		98F172EE1F32EDB70044FD0D /* Base */ = {isa = PBXFileReference; lastKnownFileType = file.storyboard; name = Base; path = Base.lproj/Main.storyboard; sourceTree = "<group>"; };
		98F172F01F32EDB70044FD0D /* Assets.xcassets */ = {isa = PBXFileReference; lastKnownFileType = folder.assetcatalog; path = Assets.xcassets; sourceTree = "<group>"; };
		98F172F31F32EDB70044FD0D /* Base */ = {isa = PBXFileReference; lastKnownFileType = file.storyboard; name = Base; path = Base.lproj/LaunchScreen.storyboard; sourceTree = "<group>"; };
		98F172F51F32EDB70044FD0D /* Info.plist */ = {isa = PBXFileReference; lastKnownFileType = text.plist.xml; path = Info.plist; sourceTree = "<group>"; };
		98F172FA1F32EDB70044FD0D /* pyunrihaeTests.xctest */ = {isa = PBXFileReference; explicitFileType = wrapper.cfbundle; includeInIndex = 0; path = pyunrihaeTests.xctest; sourceTree = BUILT_PRODUCTS_DIR; };
		98F172FE1F32EDB70044FD0D /* pyunrihaeTests.swift */ = {isa = PBXFileReference; lastKnownFileType = sourcecode.swift; path = pyunrihaeTests.swift; sourceTree = "<group>"; };
		98F173001F32EDB70044FD0D /* Info.plist */ = {isa = PBXFileReference; lastKnownFileType = text.plist.xml; path = Info.plist; sourceTree = "<group>"; };
		98F173051F32EDB70044FD0D /* pyunrihaeUITests.xctest */ = {isa = PBXFileReference; explicitFileType = wrapper.cfbundle; includeInIndex = 0; path = pyunrihaeUITests.xctest; sourceTree = BUILT_PRODUCTS_DIR; };
		98F173091F32EDB70044FD0D /* pyunrihaeUITests.swift */ = {isa = PBXFileReference; lastKnownFileType = sourcecode.swift; path = pyunrihaeUITests.swift; sourceTree = "<group>"; };
		98F1730B1F32EDB80044FD0D /* Info.plist */ = {isa = PBXFileReference; lastKnownFileType = text.plist.xml; path = Info.plist; sourceTree = "<group>"; };
		C9D07E3D80B114A5E56DAC60 /* Pods-pyunrihaeTests.debug.xcconfig */ = {isa = PBXFileReference; includeInIndex = 1; lastKnownFileType = text.xcconfig; name = "Pods-pyunrihaeTests.debug.xcconfig"; path = "Pods/Target Support Files/Pods-pyunrihaeTests/Pods-pyunrihaeTests.debug.xcconfig"; sourceTree = "<group>"; };
		EF44EF9D49A783BEA8DDF20D /* Pods-pyunrihaeTests.release.xcconfig */ = {isa = PBXFileReference; includeInIndex = 1; lastKnownFileType = text.xcconfig; name = "Pods-pyunrihaeTests.release.xcconfig"; path = "Pods/Target Support Files/Pods-pyunrihaeTests/Pods-pyunrihaeTests.release.xcconfig"; sourceTree = "<group>"; };
/* End PBXFileReference section */

/* Begin PBXFrameworksBuildPhase section */
		98F172E31F32EDB70044FD0D /* Frameworks */ = {
			isa = PBXFrameworksBuildPhase;
			buildActionMask = 2147483647;
			files = (
				025FB54D69452E7E0E398251 /* Pods_pyunrihae.framework in Frameworks */,
			);
			runOnlyForDeploymentPostprocessing = 0;
		};
		98F172F71F32EDB70044FD0D /* Frameworks */ = {
			isa = PBXFrameworksBuildPhase;
			buildActionMask = 2147483647;
			files = (
				9C668EF8CEE8D438D3632CC9 /* Pods_pyunrihaeTests.framework in Frameworks */,
			);
			runOnlyForDeploymentPostprocessing = 0;
		};
		98F173021F32EDB70044FD0D /* Frameworks */ = {
			isa = PBXFrameworksBuildPhase;
			buildActionMask = 2147483647;
			files = (
				14F146B434332A2D6E2CFF9B /* Pods_pyunrihaeUITests.framework in Frameworks */,
			);
			runOnlyForDeploymentPostprocessing = 0;
		};
/* End PBXFrameworksBuildPhase section */

/* Begin PBXGroup section */
		1EE1AEFF2B6997BC2EEACDFA /* Pods */ = {
			isa = PBXGroup;
			children = (
				40074A42A71C85B97C9ED731 /* Pods-pyunrihae.debug.xcconfig */,
				7CA4DBEA1A634BF99D8EFBF2 /* Pods-pyunrihae.release.xcconfig */,
				C9D07E3D80B114A5E56DAC60 /* Pods-pyunrihaeTests.debug.xcconfig */,
				EF44EF9D49A783BEA8DDF20D /* Pods-pyunrihaeTests.release.xcconfig */,
				8031BBFEA7C96B0C91D5EAA8 /* Pods-pyunrihaeUITests.debug.xcconfig */,
				1B085AE2D2B3D6AD37BF1C6F /* Pods-pyunrihaeUITests.release.xcconfig */,
			);
			name = Pods;
			sourceTree = "<group>";
		};
		735C2F99ED0A73A028E0CEA8 /* Frameworks */ = {
			isa = PBXGroup;
			children = (
				4488E201DEAF59744BC95780 /* Pods_pyunrihae.framework */,
				1319BEB880E29049AC8F0515 /* Pods_pyunrihaeTests.framework */,
				40585D3F57E929D9644DF6CD /* Pods_pyunrihaeUITests.framework */,
			);
			name = Frameworks;
			sourceTree = "<group>";
		};
		98C5AACC1F33FAAE00610115 /* DetailViewController */ = {
			isa = PBXGroup;
			children = (
				98D8190A1F330D2F00BE2A95 /* EventDetailViewController.swift */,
			);
			name = DetailViewController;
			sourceTree = "<group>";
		};
		98D819011F32F97D00BE2A95 /* Asset */ = {
			isa = PBXGroup;
			children = (
				98F172F01F32EDB70044FD0D /* Assets.xcassets */,
				98F172F51F32EDB70044FD0D /* Info.plist */,
				984395851F32F29A0016B67D /* GoogleService-Info.plist */,
			);
			name = Asset;
			sourceTree = "<group>";
		};
		98D819021F32F99500BE2A95 /* Model */ = {
			isa = PBXGroup;
			children = (
			);
			name = Model;
			sourceTree = "<group>";
		};
		98D819031F32F99C00BE2A95 /* View Controller */ = {
			isa = PBXGroup;
			children = (
				98C5AAD31F33FB4200610115 /* LoginViewController.swift */,
				98C5AACD1F33FAE800610115 /* MainViewController.swift */,
				98C5AACF1F33FAF900610115 /* RankingViewController.swift */,
				98C5AAD11F33FB0200610115 /* RecipeViewController.swift */,
				98D819081F33066600BE2A95 /* EventViewController.swift */,
				98C5AACC1F33FAAE00610115 /* DetailViewController */,
			);
			name = "View Controller";
			sourceTree = "<group>";
		};
		98D819041F32F9A500BE2A95 /* View */ = {
			isa = PBXGroup;
			children = (
				98D8190E1F330EE700BE2A95 /* EventTableViewCell.swift */,
			);
			name = View;
			sourceTree = "<group>";
		};
		98D819061F32F9B700BE2A95 /* Storyboard */ = {
			isa = PBXGroup;
			children = (
				98F172F21F32EDB70044FD0D /* LaunchScreen.storyboard */,
				98F172ED1F32EDB70044FD0D /* Main.storyboard */,
			);
			name = Storyboard;
			sourceTree = "<group>";
		};
		98D819071F32F9C000BE2A95 /* etc */ = {
			isa = PBXGroup;
			children = (
				98F172E91F32EDB70044FD0D /* AppDelegate.swift */,
			);
			name = etc;
			sourceTree = "<group>";
		};
		98F172DD1F32EDB70044FD0D = {
			isa = PBXGroup;
			children = (
				98F172E81F32EDB70044FD0D /* pyunrihae */,
				98F172FD1F32EDB70044FD0D /* pyunrihaeTests */,
				98F173081F32EDB70044FD0D /* pyunrihaeUITests */,
				98F172E71F32EDB70044FD0D /* Products */,
				1EE1AEFF2B6997BC2EEACDFA /* Pods */,
				735C2F99ED0A73A028E0CEA8 /* Frameworks */,
			);
			sourceTree = "<group>";
		};
		98F172E71F32EDB70044FD0D /* Products */ = {
			isa = PBXGroup;
			children = (
				98F172E61F32EDB70044FD0D /* pyunrihae.app */,
				98F172FA1F32EDB70044FD0D /* pyunrihaeTests.xctest */,
				98F173051F32EDB70044FD0D /* pyunrihaeUITests.xctest */,
			);
			name = Products;
			sourceTree = "<group>";
		};
		98F172E81F32EDB70044FD0D /* pyunrihae */ = {
			isa = PBXGroup;
			children = (
				98D819071F32F9C000BE2A95 /* etc */,
				98D819061F32F9B700BE2A95 /* Storyboard */,
				98D819041F32F9A500BE2A95 /* View */,
				98D819031F32F99C00BE2A95 /* View Controller */,
				98D819021F32F99500BE2A95 /* Model */,
				98D819011F32F97D00BE2A95 /* Asset */,
			);
			path = pyunrihae;
			sourceTree = "<group>";
		};
		98F172FD1F32EDB70044FD0D /* pyunrihaeTests */ = {
			isa = PBXGroup;
			children = (
				98F172FE1F32EDB70044FD0D /* pyunrihaeTests.swift */,
				98F173001F32EDB70044FD0D /* Info.plist */,
			);
			path = pyunrihaeTests;
			sourceTree = "<group>";
		};
		98F173081F32EDB70044FD0D /* pyunrihaeUITests */ = {
			isa = PBXGroup;
			children = (
				98F173091F32EDB70044FD0D /* pyunrihaeUITests.swift */,
				98F1730B1F32EDB80044FD0D /* Info.plist */,
			);
			path = pyunrihaeUITests;
			sourceTree = "<group>";
		};
/* End PBXGroup section */

/* Begin PBXNativeTarget section */
		98F172E51F32EDB70044FD0D /* pyunrihae */ = {
			isa = PBXNativeTarget;
			buildConfigurationList = 98F1730E1F32EDB80044FD0D /* Build configuration list for PBXNativeTarget "pyunrihae" */;
			buildPhases = (
				421EDD1A2C9C58AF10A44ACB /* [CP] Check Pods Manifest.lock */,
				98F172E21F32EDB70044FD0D /* Sources */,
				98F172E31F32EDB70044FD0D /* Frameworks */,
				98F172E41F32EDB70044FD0D /* Resources */,
				C827A40123A93FC24DCE78F1 /* [CP] Embed Pods Frameworks */,
				24DFC8C71AEAF56A29B8C12D /* [CP] Copy Pods Resources */,
			);
			buildRules = (
			);
			dependencies = (
			);
			name = pyunrihae;
			productName = pyunrihae;
			productReference = 98F172E61F32EDB70044FD0D /* pyunrihae.app */;
			productType = "com.apple.product-type.application";
		};
		98F172F91F32EDB70044FD0D /* pyunrihaeTests */ = {
			isa = PBXNativeTarget;
			buildConfigurationList = 98F173111F32EDB80044FD0D /* Build configuration list for PBXNativeTarget "pyunrihaeTests" */;
			buildPhases = (
				587EC5AC5552B8323941BD3C /* [CP] Check Pods Manifest.lock */,
				98F172F61F32EDB70044FD0D /* Sources */,
				98F172F71F32EDB70044FD0D /* Frameworks */,
				98F172F81F32EDB70044FD0D /* Resources */,
				69176ED534CDEF22DDDF2B99 /* [CP] Embed Pods Frameworks */,
				628518DEB10BA5748AD8E91C /* [CP] Copy Pods Resources */,
			);
			buildRules = (
			);
			dependencies = (
				98F172FC1F32EDB70044FD0D /* PBXTargetDependency */,
			);
			name = pyunrihaeTests;
			productName = pyunrihaeTests;
			productReference = 98F172FA1F32EDB70044FD0D /* pyunrihaeTests.xctest */;
			productType = "com.apple.product-type.bundle.unit-test";
		};
		98F173041F32EDB70044FD0D /* pyunrihaeUITests */ = {
			isa = PBXNativeTarget;
			buildConfigurationList = 98F173141F32EDB80044FD0D /* Build configuration list for PBXNativeTarget "pyunrihaeUITests" */;
			buildPhases = (
				8AD86A910B8C6F5C034E5F1E /* [CP] Check Pods Manifest.lock */,
				98F173011F32EDB70044FD0D /* Sources */,
				98F173021F32EDB70044FD0D /* Frameworks */,
				98F173031F32EDB70044FD0D /* Resources */,
				FC16FC0056FC80CC0EA99F38 /* [CP] Embed Pods Frameworks */,
				7007DE942B21D8159433F194 /* [CP] Copy Pods Resources */,
			);
			buildRules = (
			);
			dependencies = (
				98F173071F32EDB70044FD0D /* PBXTargetDependency */,
			);
			name = pyunrihaeUITests;
			productName = pyunrihaeUITests;
			productReference = 98F173051F32EDB70044FD0D /* pyunrihaeUITests.xctest */;
			productType = "com.apple.product-type.bundle.ui-testing";
		};
/* End PBXNativeTarget section */

/* Begin PBXProject section */
		98F172DE1F32EDB70044FD0D /* Project object */ = {
			isa = PBXProject;
			attributes = {
				LastSwiftUpdateCheck = 0830;
				LastUpgradeCheck = 0830;
				ORGANIZATIONNAME = busride;
				TargetAttributes = {
					98F172E51F32EDB70044FD0D = {
						CreatedOnToolsVersion = 8.3.3;
						ProvisioningStyle = Automatic;
					};
					98F172F91F32EDB70044FD0D = {
						CreatedOnToolsVersion = 8.3.3;
						ProvisioningStyle = Automatic;
						TestTargetID = 98F172E51F32EDB70044FD0D;
					};
					98F173041F32EDB70044FD0D = {
						CreatedOnToolsVersion = 8.3.3;
						ProvisioningStyle = Automatic;
						TestTargetID = 98F172E51F32EDB70044FD0D;
					};
				};
			};
			buildConfigurationList = 98F172E11F32EDB70044FD0D /* Build configuration list for PBXProject "pyunrihae" */;
			compatibilityVersion = "Xcode 3.2";
			developmentRegion = English;
			hasScannedForEncodings = 0;
			knownRegions = (
				en,
				Base,
			);
			mainGroup = 98F172DD1F32EDB70044FD0D;
			productRefGroup = 98F172E71F32EDB70044FD0D /* Products */;
			projectDirPath = "";
			projectRoot = "";
			targets = (
				98F172E51F32EDB70044FD0D /* pyunrihae */,
				98F172F91F32EDB70044FD0D /* pyunrihaeTests */,
				98F173041F32EDB70044FD0D /* pyunrihaeUITests */,
			);
		};
/* End PBXProject section */

/* Begin PBXResourcesBuildPhase section */
		98F172E41F32EDB70044FD0D /* Resources */ = {
			isa = PBXResourcesBuildPhase;
			buildActionMask = 2147483647;
			files = (
				98F172F41F32EDB70044FD0D /* LaunchScreen.storyboard in Resources */,
				984395861F32F29A0016B67D /* GoogleService-Info.plist in Resources */,
				98F172F11F32EDB70044FD0D /* Assets.xcassets in Resources */,
				98F172EF1F32EDB70044FD0D /* Main.storyboard in Resources */,
			);
			runOnlyForDeploymentPostprocessing = 0;
		};
		98F172F81F32EDB70044FD0D /* Resources */ = {
			isa = PBXResourcesBuildPhase;
			buildActionMask = 2147483647;
			files = (
			);
			runOnlyForDeploymentPostprocessing = 0;
		};
		98F173031F32EDB70044FD0D /* Resources */ = {
			isa = PBXResourcesBuildPhase;
			buildActionMask = 2147483647;
			files = (
			);
			runOnlyForDeploymentPostprocessing = 0;
		};
/* End PBXResourcesBuildPhase section */

/* Begin PBXShellScriptBuildPhase section */
		24DFC8C71AEAF56A29B8C12D /* [CP] Copy Pods Resources */ = {
			isa = PBXShellScriptBuildPhase;
			buildActionMask = 2147483647;
			files = (
			);
			inputPaths = (
			);
			name = "[CP] Copy Pods Resources";
			outputPaths = (
			);
			runOnlyForDeploymentPostprocessing = 0;
			shellPath = /bin/sh;
			shellScript = "\"${SRCROOT}/Pods/Target Support Files/Pods-pyunrihae/Pods-pyunrihae-resources.sh\"\n";
			showEnvVarsInLog = 0;
		};
		421EDD1A2C9C58AF10A44ACB /* [CP] Check Pods Manifest.lock */ = {
			isa = PBXShellScriptBuildPhase;
			buildActionMask = 2147483647;
			files = (
			);
			inputPaths = (
			);
			name = "[CP] Check Pods Manifest.lock";
			outputPaths = (
			);
			runOnlyForDeploymentPostprocessing = 0;
			shellPath = /bin/sh;
			shellScript = "diff \"${PODS_PODFILE_DIR_PATH}/Podfile.lock\" \"${PODS_ROOT}/Manifest.lock\" > /dev/null\nif [ $? != 0 ] ; then\n    # print error to STDERR\n    echo \"error: The sandbox is not in sync with the Podfile.lock. Run 'pod install' or update your CocoaPods installation.\" >&2\n    exit 1\nfi\n";
			showEnvVarsInLog = 0;
		};
		587EC5AC5552B8323941BD3C /* [CP] Check Pods Manifest.lock */ = {
			isa = PBXShellScriptBuildPhase;
			buildActionMask = 2147483647;
			files = (
			);
			inputPaths = (
			);
			name = "[CP] Check Pods Manifest.lock";
			outputPaths = (
			);
			runOnlyForDeploymentPostprocessing = 0;
			shellPath = /bin/sh;
			shellScript = "diff \"${PODS_PODFILE_DIR_PATH}/Podfile.lock\" \"${PODS_ROOT}/Manifest.lock\" > /dev/null\nif [ $? != 0 ] ; then\n    # print error to STDERR\n    echo \"error: The sandbox is not in sync with the Podfile.lock. Run 'pod install' or update your CocoaPods installation.\" >&2\n    exit 1\nfi\n";
			showEnvVarsInLog = 0;
		};
		628518DEB10BA5748AD8E91C /* [CP] Copy Pods Resources */ = {
			isa = PBXShellScriptBuildPhase;
			buildActionMask = 2147483647;
			files = (
			);
			inputPaths = (
			);
			name = "[CP] Copy Pods Resources";
			outputPaths = (
			);
			runOnlyForDeploymentPostprocessing = 0;
			shellPath = /bin/sh;
			shellScript = "\"${SRCROOT}/Pods/Target Support Files/Pods-pyunrihaeTests/Pods-pyunrihaeTests-resources.sh\"\n";
			showEnvVarsInLog = 0;
		};
		69176ED534CDEF22DDDF2B99 /* [CP] Embed Pods Frameworks */ = {
			isa = PBXShellScriptBuildPhase;
			buildActionMask = 2147483647;
			files = (
			);
			inputPaths = (
			);
			name = "[CP] Embed Pods Frameworks";
			outputPaths = (
			);
			runOnlyForDeploymentPostprocessing = 0;
			shellPath = /bin/sh;
			shellScript = "\"${SRCROOT}/Pods/Target Support Files/Pods-pyunrihaeTests/Pods-pyunrihaeTests-frameworks.sh\"\n";
			showEnvVarsInLog = 0;
		};
		7007DE942B21D8159433F194 /* [CP] Copy Pods Resources */ = {
			isa = PBXShellScriptBuildPhase;
			buildActionMask = 2147483647;
			files = (
			);
			inputPaths = (
			);
			name = "[CP] Copy Pods Resources";
			outputPaths = (
			);
			runOnlyForDeploymentPostprocessing = 0;
			shellPath = /bin/sh;
			shellScript = "\"${SRCROOT}/Pods/Target Support Files/Pods-pyunrihaeUITests/Pods-pyunrihaeUITests-resources.sh\"\n";
			showEnvVarsInLog = 0;
		};
		8AD86A910B8C6F5C034E5F1E /* [CP] Check Pods Manifest.lock */ = {
			isa = PBXShellScriptBuildPhase;
			buildActionMask = 2147483647;
			files = (
			);
			inputPaths = (
			);
			name = "[CP] Check Pods Manifest.lock";
			outputPaths = (
			);
			runOnlyForDeploymentPostprocessing = 0;
			shellPath = /bin/sh;
			shellScript = "diff \"${PODS_PODFILE_DIR_PATH}/Podfile.lock\" \"${PODS_ROOT}/Manifest.lock\" > /dev/null\nif [ $? != 0 ] ; then\n    # print error to STDERR\n    echo \"error: The sandbox is not in sync with the Podfile.lock. Run 'pod install' or update your CocoaPods installation.\" >&2\n    exit 1\nfi\n";
			showEnvVarsInLog = 0;
		};
		C827A40123A93FC24DCE78F1 /* [CP] Embed Pods Frameworks */ = {
			isa = PBXShellScriptBuildPhase;
			buildActionMask = 2147483647;
			files = (
			);
			inputPaths = (
			);
			name = "[CP] Embed Pods Frameworks";
			outputPaths = (
			);
			runOnlyForDeploymentPostprocessing = 0;
			shellPath = /bin/sh;
			shellScript = "\"${SRCROOT}/Pods/Target Support Files/Pods-pyunrihae/Pods-pyunrihae-frameworks.sh\"\n";
			showEnvVarsInLog = 0;
		};
		FC16FC0056FC80CC0EA99F38 /* [CP] Embed Pods Frameworks */ = {
			isa = PBXShellScriptBuildPhase;
			buildActionMask = 2147483647;
			files = (
			);
			inputPaths = (
			);
			name = "[CP] Embed Pods Frameworks";
			outputPaths = (
			);
			runOnlyForDeploymentPostprocessing = 0;
			shellPath = /bin/sh;
			shellScript = "\"${SRCROOT}/Pods/Target Support Files/Pods-pyunrihaeUITests/Pods-pyunrihaeUITests-frameworks.sh\"\n";
			showEnvVarsInLog = 0;
		};
/* End PBXShellScriptBuildPhase section */

/* Begin PBXSourcesBuildPhase section */
		98F172E21F32EDB70044FD0D /* Sources */ = {
			isa = PBXSourcesBuildPhase;
			buildActionMask = 2147483647;
			files = (
				98D8190F1F330EE700BE2A95 /* EventTableViewCell.swift in Sources */,
				98D8190B1F330D2F00BE2A95 /* EventDetailViewController.swift in Sources */,
				98C5AAD21F33FB0200610115 /* RecipeViewController.swift in Sources */,
				98F172EA1F32EDB70044FD0D /* AppDelegate.swift in Sources */,
				98C5AAD41F33FB4200610115 /* LoginViewController.swift in Sources */,
				98D819091F33066600BE2A95 /* EventViewController.swift in Sources */,
				98C5AACE1F33FAE800610115 /* MainViewController.swift in Sources */,
				98C5AAD01F33FAF900610115 /* RankingViewController.swift in Sources */,
			);
			runOnlyForDeploymentPostprocessing = 0;
		};
		98F172F61F32EDB70044FD0D /* Sources */ = {
			isa = PBXSourcesBuildPhase;
			buildActionMask = 2147483647;
			files = (
				98F172FF1F32EDB70044FD0D /* pyunrihaeTests.swift in Sources */,
			);
			runOnlyForDeploymentPostprocessing = 0;
		};
		98F173011F32EDB70044FD0D /* Sources */ = {
			isa = PBXSourcesBuildPhase;
			buildActionMask = 2147483647;
			files = (
				98F1730A1F32EDB70044FD0D /* pyunrihaeUITests.swift in Sources */,
			);
			runOnlyForDeploymentPostprocessing = 0;
		};
/* End PBXSourcesBuildPhase section */

/* Begin PBXTargetDependency section */
		98F172FC1F32EDB70044FD0D /* PBXTargetDependency */ = {
			isa = PBXTargetDependency;
			target = 98F172E51F32EDB70044FD0D /* pyunrihae */;
			targetProxy = 98F172FB1F32EDB70044FD0D /* PBXContainerItemProxy */;
		};
		98F173071F32EDB70044FD0D /* PBXTargetDependency */ = {
			isa = PBXTargetDependency;
			target = 98F172E51F32EDB70044FD0D /* pyunrihae */;
			targetProxy = 98F173061F32EDB70044FD0D /* PBXContainerItemProxy */;
		};
/* End PBXTargetDependency section */

/* Begin PBXVariantGroup section */
		98F172ED1F32EDB70044FD0D /* Main.storyboard */ = {
			isa = PBXVariantGroup;
			children = (
				98F172EE1F32EDB70044FD0D /* Base */,
			);
			name = Main.storyboard;
			sourceTree = "<group>";
		};
		98F172F21F32EDB70044FD0D /* LaunchScreen.storyboard */ = {
			isa = PBXVariantGroup;
			children = (
				98F172F31F32EDB70044FD0D /* Base */,
			);
			name = LaunchScreen.storyboard;
			sourceTree = "<group>";
		};
/* End PBXVariantGroup section */

/* Begin XCBuildConfiguration section */
		98F1730C1F32EDB80044FD0D /* Debug */ = {
			isa = XCBuildConfiguration;
			buildSettings = {
				ALWAYS_SEARCH_USER_PATHS = NO;
				CLANG_ANALYZER_NONNULL = YES;
				CLANG_ANALYZER_NUMBER_OBJECT_CONVERSION = YES_AGGRESSIVE;
				CLANG_CXX_LANGUAGE_STANDARD = "gnu++0x";
				CLANG_CXX_LIBRARY = "libc++";
				CLANG_ENABLE_MODULES = YES;
				CLANG_ENABLE_OBJC_ARC = YES;
				CLANG_WARN_BOOL_CONVERSION = YES;
				CLANG_WARN_CONSTANT_CONVERSION = YES;
				CLANG_WARN_DIRECT_OBJC_ISA_USAGE = YES_ERROR;
				CLANG_WARN_DOCUMENTATION_COMMENTS = YES;
				CLANG_WARN_EMPTY_BODY = YES;
				CLANG_WARN_ENUM_CONVERSION = YES;
				CLANG_WARN_INFINITE_RECURSION = YES;
				CLANG_WARN_INT_CONVERSION = YES;
				CLANG_WARN_OBJC_ROOT_CLASS = YES_ERROR;
				CLANG_WARN_SUSPICIOUS_MOVE = YES;
				CLANG_WARN_UNREACHABLE_CODE = YES;
				CLANG_WARN__DUPLICATE_METHOD_MATCH = YES;
				"CODE_SIGN_IDENTITY[sdk=iphoneos*]" = "iPhone Developer";
				COPY_PHASE_STRIP = NO;
				DEBUG_INFORMATION_FORMAT = dwarf;
				ENABLE_STRICT_OBJC_MSGSEND = YES;
				ENABLE_TESTABILITY = YES;
				GCC_C_LANGUAGE_STANDARD = gnu99;
				GCC_DYNAMIC_NO_PIC = NO;
				GCC_NO_COMMON_BLOCKS = YES;
				GCC_OPTIMIZATION_LEVEL = 0;
				GCC_PREPROCESSOR_DEFINITIONS = (
					"DEBUG=1",
					"$(inherited)",
				);
				GCC_WARN_64_TO_32_BIT_CONVERSION = YES;
				GCC_WARN_ABOUT_RETURN_TYPE = YES_ERROR;
				GCC_WARN_UNDECLARED_SELECTOR = YES;
				GCC_WARN_UNINITIALIZED_AUTOS = YES_AGGRESSIVE;
				GCC_WARN_UNUSED_FUNCTION = YES;
				GCC_WARN_UNUSED_VARIABLE = YES;
				IPHONEOS_DEPLOYMENT_TARGET = 10.3;
				MTL_ENABLE_DEBUG_INFO = YES;
				ONLY_ACTIVE_ARCH = YES;
				SDKROOT = iphoneos;
				SWIFT_ACTIVE_COMPILATION_CONDITIONS = DEBUG;
				SWIFT_OPTIMIZATION_LEVEL = "-Onone";
			};
			name = Debug;
		};
		98F1730D1F32EDB80044FD0D /* Release */ = {
			isa = XCBuildConfiguration;
			buildSettings = {
				ALWAYS_SEARCH_USER_PATHS = NO;
				CLANG_ANALYZER_NONNULL = YES;
				CLANG_ANALYZER_NUMBER_OBJECT_CONVERSION = YES_AGGRESSIVE;
				CLANG_CXX_LANGUAGE_STANDARD = "gnu++0x";
				CLANG_CXX_LIBRARY = "libc++";
				CLANG_ENABLE_MODULES = YES;
				CLANG_ENABLE_OBJC_ARC = YES;
				CLANG_WARN_BOOL_CONVERSION = YES;
				CLANG_WARN_CONSTANT_CONVERSION = YES;
				CLANG_WARN_DIRECT_OBJC_ISA_USAGE = YES_ERROR;
				CLANG_WARN_DOCUMENTATION_COMMENTS = YES;
				CLANG_WARN_EMPTY_BODY = YES;
				CLANG_WARN_ENUM_CONVERSION = YES;
				CLANG_WARN_INFINITE_RECURSION = YES;
				CLANG_WARN_INT_CONVERSION = YES;
				CLANG_WARN_OBJC_ROOT_CLASS = YES_ERROR;
				CLANG_WARN_SUSPICIOUS_MOVE = YES;
				CLANG_WARN_UNREACHABLE_CODE = YES;
				CLANG_WARN__DUPLICATE_METHOD_MATCH = YES;
				"CODE_SIGN_IDENTITY[sdk=iphoneos*]" = "iPhone Developer";
				COPY_PHASE_STRIP = NO;
				DEBUG_INFORMATION_FORMAT = "dwarf-with-dsym";
				ENABLE_NS_ASSERTIONS = NO;
				ENABLE_STRICT_OBJC_MSGSEND = YES;
				GCC_C_LANGUAGE_STANDARD = gnu99;
				GCC_NO_COMMON_BLOCKS = YES;
				GCC_WARN_64_TO_32_BIT_CONVERSION = YES;
				GCC_WARN_ABOUT_RETURN_TYPE = YES_ERROR;
				GCC_WARN_UNDECLARED_SELECTOR = YES;
				GCC_WARN_UNINITIALIZED_AUTOS = YES_AGGRESSIVE;
				GCC_WARN_UNUSED_FUNCTION = YES;
				GCC_WARN_UNUSED_VARIABLE = YES;
				IPHONEOS_DEPLOYMENT_TARGET = 10.3;
				MTL_ENABLE_DEBUG_INFO = NO;
				SDKROOT = iphoneos;
				SWIFT_OPTIMIZATION_LEVEL = "-Owholemodule";
				VALIDATE_PRODUCT = YES;
			};
			name = Release;
		};
		98F1730F1F32EDB80044FD0D /* Debug */ = {
			isa = XCBuildConfiguration;
			baseConfigurationReference = 40074A42A71C85B97C9ED731 /* Pods-pyunrihae.debug.xcconfig */;
			buildSettings = {
				ASSETCATALOG_COMPILER_APPICON_NAME = AppIcon;
				INFOPLIST_FILE = pyunrihae/Info.plist;
				LD_RUNPATH_SEARCH_PATHS = "$(inherited) @executable_path/Frameworks";
				PRODUCT_BUNDLE_IDENTIFIER = com.busride.pyunrihae;
				PRODUCT_NAME = "$(TARGET_NAME)";
				SWIFT_VERSION = 3.0;
			};
			name = Debug;
		};
		98F173101F32EDB80044FD0D /* Release */ = {
			isa = XCBuildConfiguration;
			baseConfigurationReference = 7CA4DBEA1A634BF99D8EFBF2 /* Pods-pyunrihae.release.xcconfig */;
			buildSettings = {
				ASSETCATALOG_COMPILER_APPICON_NAME = AppIcon;
				INFOPLIST_FILE = pyunrihae/Info.plist;
				LD_RUNPATH_SEARCH_PATHS = "$(inherited) @executable_path/Frameworks";
				PRODUCT_BUNDLE_IDENTIFIER = com.busride.pyunrihae;
				PRODUCT_NAME = "$(TARGET_NAME)";
				SWIFT_VERSION = 3.0;
			};
			name = Release;
		};
		98F173121F32EDB80044FD0D /* Debug */ = {
			isa = XCBuildConfiguration;
			baseConfigurationReference = C9D07E3D80B114A5E56DAC60 /* Pods-pyunrihaeTests.debug.xcconfig */;
			buildSettings = {
				ALWAYS_EMBED_SWIFT_STANDARD_LIBRARIES = YES;
				BUNDLE_LOADER = "$(TEST_HOST)";
				INFOPLIST_FILE = pyunrihaeTests/Info.plist;
				LD_RUNPATH_SEARCH_PATHS = "$(inherited) @executable_path/Frameworks @loader_path/Frameworks";
				PRODUCT_BUNDLE_IDENTIFIER = com.busride.pyunrihaeTests;
				PRODUCT_NAME = "$(TARGET_NAME)";
				SWIFT_VERSION = 3.0;
				TEST_HOST = "$(BUILT_PRODUCTS_DIR)/pyunrihae.app/pyunrihae";
			};
			name = Debug;
		};
		98F173131F32EDB80044FD0D /* Release */ = {
			isa = XCBuildConfiguration;
			baseConfigurationReference = EF44EF9D49A783BEA8DDF20D /* Pods-pyunrihaeTests.release.xcconfig */;
			buildSettings = {
				ALWAYS_EMBED_SWIFT_STANDARD_LIBRARIES = YES;
				BUNDLE_LOADER = "$(TEST_HOST)";
				INFOPLIST_FILE = pyunrihaeTests/Info.plist;
				LD_RUNPATH_SEARCH_PATHS = "$(inherited) @executable_path/Frameworks @loader_path/Frameworks";
				PRODUCT_BUNDLE_IDENTIFIER = com.busride.pyunrihaeTests;
				PRODUCT_NAME = "$(TARGET_NAME)";
				SWIFT_VERSION = 3.0;
				TEST_HOST = "$(BUILT_PRODUCTS_DIR)/pyunrihae.app/pyunrihae";
			};
			name = Release;
		};
		98F173151F32EDB80044FD0D /* Debug */ = {
			isa = XCBuildConfiguration;
			baseConfigurationReference = 8031BBFEA7C96B0C91D5EAA8 /* Pods-pyunrihaeUITests.debug.xcconfig */;
			buildSettings = {
				ALWAYS_EMBED_SWIFT_STANDARD_LIBRARIES = YES;
				INFOPLIST_FILE = pyunrihaeUITests/Info.plist;
				LD_RUNPATH_SEARCH_PATHS = "$(inherited) @executable_path/Frameworks @loader_path/Frameworks";
				PRODUCT_BUNDLE_IDENTIFIER = com.busride.pyunrihaeUITests;
				PRODUCT_NAME = "$(TARGET_NAME)";
				SWIFT_VERSION = 3.0;
				TEST_TARGET_NAME = pyunrihae;
			};
			name = Debug;
		};
		98F173161F32EDB80044FD0D /* Release */ = {
			isa = XCBuildConfiguration;
			baseConfigurationReference = 1B085AE2D2B3D6AD37BF1C6F /* Pods-pyunrihaeUITests.release.xcconfig */;
			buildSettings = {
				ALWAYS_EMBED_SWIFT_STANDARD_LIBRARIES = YES;
				INFOPLIST_FILE = pyunrihaeUITests/Info.plist;
				LD_RUNPATH_SEARCH_PATHS = "$(inherited) @executable_path/Frameworks @loader_path/Frameworks";
				PRODUCT_BUNDLE_IDENTIFIER = com.busride.pyunrihaeUITests;
				PRODUCT_NAME = "$(TARGET_NAME)";
				SWIFT_VERSION = 3.0;
				TEST_TARGET_NAME = pyunrihae;
			};
			name = Release;
		};
/* End XCBuildConfiguration section */

/* Begin XCConfigurationList section */
		98F172E11F32EDB70044FD0D /* Build configuration list for PBXProject "pyunrihae" */ = {
			isa = XCConfigurationList;
			buildConfigurations = (
				98F1730C1F32EDB80044FD0D /* Debug */,
				98F1730D1F32EDB80044FD0D /* Release */,
			);
			defaultConfigurationIsVisible = 0;
			defaultConfigurationName = Release;
		};
		98F1730E1F32EDB80044FD0D /* Build configuration list for PBXNativeTarget "pyunrihae" */ = {
			isa = XCConfigurationList;
			buildConfigurations = (
				98F1730F1F32EDB80044FD0D /* Debug */,
				98F173101F32EDB80044FD0D /* Release */,
			);
			defaultConfigurationIsVisible = 0;
			defaultConfigurationName = Release;
		};
		98F173111F32EDB80044FD0D /* Build configuration list for PBXNativeTarget "pyunrihaeTests" */ = {
			isa = XCConfigurationList;
			buildConfigurations = (
				98F173121F32EDB80044FD0D /* Debug */,
				98F173131F32EDB80044FD0D /* Release */,
			);
			defaultConfigurationIsVisible = 0;
			defaultConfigurationName = Release;
		};
		98F173141F32EDB80044FD0D /* Build configuration list for PBXNativeTarget "pyunrihaeUITests" */ = {
			isa = XCConfigurationList;
			buildConfigurations = (
				98F173151F32EDB80044FD0D /* Debug */,
				98F173161F32EDB80044FD0D /* Release */,
			);
			defaultConfigurationIsVisible = 0;
			defaultConfigurationName = Release;
		};
/* End XCConfigurationList section */
	};
	rootObject = 98F172DE1F32EDB70044FD0D /* Project object */;
}
