// !$*UTF8*$!
{
	archiveVersion = 1;
	classes = {
	};
	objectVersion = 46;
	objects = {

/* Begin PBXBuildFile section */
		98F172EA1F32EDB70044FD0D /* AppDelegate.swift in Sources */ = {isa = PBXBuildFile; fileRef = 98F172E91F32EDB70044FD0D /* AppDelegate.swift */; };
		98F172EC1F32EDB70044FD0D /* ViewController.swift in Sources */ = {isa = PBXBuildFile; fileRef = 98F172EB1F32EDB70044FD0D /* ViewController.swift */; };
		98F172EF1F32EDB70044FD0D /* Main.storyboard in Resources */ = {isa = PBXBuildFile; fileRef = 98F172ED1F32EDB70044FD0D /* Main.storyboard */; };
		98F172F11F32EDB70044FD0D /* Assets.xcassets in Resources */ = {isa = PBXBuildFile; fileRef = 98F172F01F32EDB70044FD0D /* Assets.xcassets */; };
		98F172F41F32EDB70044FD0D /* LaunchScreen.storyboard in Resources */ = {isa = PBXBuildFile; fileRef = 98F172F21F32EDB70044FD0D /* LaunchScreen.storyboard */; };
		98F172FF1F32EDB70044FD0D /* pyunrihaeTests.swift in Sources */ = {isa = PBXBuildFile; fileRef = 98F172FE1F32EDB70044FD0D /* pyunrihaeTests.swift */; };
		98F1730A1F32EDB70044FD0D /* pyunrihaeUITests.swift in Sources */ = {isa = PBXBuildFile; fileRef = 98F173091F32EDB70044FD0D /* pyunrihaeUITests.swift */; };
/* End PBXBuildFile section */

/* Begin PBXContainerItemProxy section */
		98F172FB1F32EDB70044FD0D /* PBXContainerItemProxy */ = {
			isa = PBXContainerItemProxy;
			containerPortal = 98F172DE1F32EDB70044FD0D /* Project object */;
			proxyType = 1;
			remoteGlobalIDString = 98F172E51F32EDB70044FD0D;
			remoteInfo = pyunrihae;
		};
		98F173061F32EDB70044FD0D /* PBXContainerItemProxy */ = {
			isa = PBXContainerItemProxy;
			containerPortal = 98F172DE1F32EDB70044FD0D /* Project object */;
			proxyType = 1;
			remoteGlobalIDString = 98F172E51F32EDB70044FD0D;
			remoteInfo = pyunrihae;
		};
/* End PBXContainerItemProxy section */

/* Begin PBXFileReference section */
		98F172E61F32EDB70044FD0D /* pyunrihae.app */ = {isa = PBXFileReference; explicitFileType = wrapper.application; includeInIndex = 0; path = pyunrihae.app; sourceTree = BUILT_PRODUCTS_DIR; };
		98F172E91F32EDB70044FD0D /* AppDelegate.swift */ = {isa = PBXFileReference; lastKnownFileType = sourcecode.swift; path = AppDelegate.swift; sourceTree = "<group>"; };
		98F172EB1F32EDB70044FD0D /* ViewController.swift */ = {isa = PBXFileReference; lastKnownFileType = sourcecode.swift; path = ViewController.swift; sourceTree = "<group>"; };
		98F172EE1F32EDB70044FD0D /* Base */ = {isa = PBXFileReference; lastKnownFileType = file.storyboard; name = Base; path = Base.lproj/Main.storyboard; sourceTree = "<group>"; };
		98F172F01F32EDB70044FD0D /* Assets.xcassets */ = {isa = PBXFileReference; lastKnownFileType = folder.assetcatalog; path = Assets.xcassets; sourceTree = "<group>"; };
		98F172F31F32EDB70044FD0D /* Base */ = {isa = PBXFileReference; lastKnownFileType = file.storyboard; name = Base; path = Base.lproj/LaunchScreen.storyboard; sourceTree = "<group>"; };
		98F172F51F32EDB70044FD0D /* Info.plist */ = {isa = PBXFileReference; lastKnownFileType = text.plist.xml; path = Info.plist; sourceTree = "<group>"; };
		98F172FA1F32EDB70044FD0D /* pyunrihaeTests.xctest */ = {isa = PBXFileReference; explicitFileType = wrapper.cfbundle; includeInIndex = 0; path = pyunrihaeTests.xctest; sourceTree = BUILT_PRODUCTS_DIR; };
		98F172FE1F32EDB70044FD0D /* pyunrihaeTests.swift */ = {isa = PBXFileReference; lastKnownFileType = sourcecode.swift; path = pyunrihaeTests.swift; sourceTree = "<group>"; };
		98F173001F32EDB70044FD0D /* Info.plist */ = {isa = PBXFileReference; lastKnownFileType = text.plist.xml; path = Info.plist; sourceTree = "<group>"; };
		98F173051F32EDB70044FD0D /* pyunrihaeUITests.xctest */ = {isa = PBXFileReference; explicitFileType = wrapper.cfbundle; includeInIndex = 0; path = pyunrihaeUITests.xctest; sourceTree = BUILT_PRODUCTS_DIR; };
		98F173091F32EDB70044FD0D /* pyunrihaeUITests.swift */ = {isa = PBXFileReference; lastKnownFileType = sourcecode.swift; path = pyunrihaeUITests.swift; sourceTree = "<group>"; };
		98F1730B1F32EDB80044FD0D /* Info.plist */ = {isa = PBXFileReference; lastKnownFileType = text.plist.xml; path = Info.plist; sourceTree = "<group>"; };
/* End PBXFileReference section */

/* Begin PBXFrameworksBuildPhase section */
		98F172E31F32EDB70044FD0D /* Frameworks */ = {
			isa = PBXFrameworksBuildPhase;
			buildActionMask = 2147483647;
			files = (
			);
			runOnlyForDeploymentPostprocessing = 0;
		};
		98F172F71F32EDB70044FD0D /* Frameworks */ = {
			isa = PBXFrameworksBuildPhase;
			buildActionMask = 2147483647;
			files = (
			);
			runOnlyForDeploymentPostprocessing = 0;
		};
		98F173021F32EDB70044FD0D /* Frameworks */ = {
			isa = PBXFrameworksBuildPhase;
			buildActionMask = 2147483647;
			files = (
			);
			runOnlyForDeploymentPostprocessing = 0;
		};
/* End PBXFrameworksBuildPhase section */

/* Begin PBXGroup section */
		98F172DD1F32EDB70044FD0D = {
			isa = PBXGroup;
			children = (
				98F172E81F32EDB70044FD0D /* pyunrihae */,
				98F172FD1F32EDB70044FD0D /* pyunrihaeTests */,
				98F173081F32EDB70044FD0D /* pyunrihaeUITests */,
				98F172E71F32EDB70044FD0D /* Products */,
			);
			sourceTree = "<group>";
		};
		98F172E71F32EDB70044FD0D /* Products */ = {
			isa = PBXGroup;
			children = (
				98F172E61F32EDB70044FD0D /* pyunrihae.app */,
				98F172FA1F32EDB70044FD0D /* pyunrihaeTests.xctest */,
				98F173051F32EDB70044FD0D /* pyunrihaeUITests.xctest */,
			);
			name = Products;
			sourceTree = "<group>";
		};
		98F172E81F32EDB70044FD0D /* pyunrihae */ = {
			isa = PBXGroup;
			children = (
				98F172E91F32EDB70044FD0D /* AppDelegate.swift */,
				98F172EB1F32EDB70044FD0D /* ViewController.swift */,
				98F172ED1F32EDB70044FD0D /* Main.storyboard */,
				98F172F01F32EDB70044FD0D /* Assets.xcassets */,
				98F172F21F32EDB70044FD0D /* LaunchScreen.storyboard */,
				98F172F51F32EDB70044FD0D /* Info.plist */,
			);
			path = pyunrihae;
			sourceTree = "<group>";
		};
		98F172FD1F32EDB70044FD0D /* pyunrihaeTests */ = {
			isa = PBXGroup;
			children = (
				98F172FE1F32EDB70044FD0D /* pyunrihaeTests.swift */,
				98F173001F32EDB70044FD0D /* Info.plist */,
			);
			path = pyunrihaeTests;
			sourceTree = "<group>";
		};
		98F173081F32EDB70044FD0D /* pyunrihaeUITests */ = {
			isa = PBXGroup;
			children = (
				98F173091F32EDB70044FD0D /* pyunrihaeUITests.swift */,
				98F1730B1F32EDB80044FD0D /* Info.plist */,
			);
			path = pyunrihaeUITests;
			sourceTree = "<group>";
		};
/* End PBXGroup section */

/* Begin PBXNativeTarget section */
		98F172E51F32EDB70044FD0D /* pyunrihae */ = {
			isa = PBXNativeTarget;
			buildConfigurationList = 98F1730E1F32EDB80044FD0D /* Build configuration list for PBXNativeTarget "pyunrihae" */;
			buildPhases = (
				98F172E21F32EDB70044FD0D /* Sources */,
				98F172E31F32EDB70044FD0D /* Frameworks */,
				98F172E41F32EDB70044FD0D /* Resources */,
			);
			buildRules = (
			);
			dependencies = (
			);
			name = pyunrihae;
			productName = pyunrihae;
			productReference = 98F172E61F32EDB70044FD0D /* pyunrihae.app */;
			productType = "com.apple.product-type.application";
		};
		98F172F91F32EDB70044FD0D /* pyunrihaeTests */ = {
			isa = PBXNativeTarget;
			buildConfigurationList = 98F173111F32EDB80044FD0D /* Build configuration list for PBXNativeTarget "pyunrihaeTests" */;
			buildPhases = (
				98F172F61F32EDB70044FD0D /* Sources */,
				98F172F71F32EDB70044FD0D /* Frameworks */,
				98F172F81F32EDB70044FD0D /* Resources */,
			);
			buildRules = (
			);
			dependencies = (
				98F172FC1F32EDB70044FD0D /* PBXTargetDependency */,
			);
			name = pyunrihaeTests;
			productName = pyunrihaeTests;
			productReference = 98F172FA1F32EDB70044FD0D /* pyunrihaeTests.xctest */;
			productType = "com.apple.product-type.bundle.unit-test";
		};
		98F173041F32EDB70044FD0D /* pyunrihaeUITests */ = {
			isa = PBXNativeTarget;
			buildConfigurationList = 98F173141F32EDB80044FD0D /* Build configuration list for PBXNativeTarget "pyunrihaeUITests" */;
			buildPhases = (
				98F173011F32EDB70044FD0D /* Sources */,
				98F173021F32EDB70044FD0D /* Frameworks */,
				98F173031F32EDB70044FD0D /* Resources */,
			);
			buildRules = (
			);
			dependencies = (
				98F173071F32EDB70044FD0D /* PBXTargetDependency */,
			);
			name = pyunrihaeUITests;
			productName = pyunrihaeUITests;
			productReference = 98F173051F32EDB70044FD0D /* pyunrihaeUITests.xctest */;
			productType = "com.apple.product-type.bundle.ui-testing";
		};
/* End PBXNativeTarget section */

/* Begin PBXProject section */
		98F172DE1F32EDB70044FD0D /* Project object */ = {
			isa = PBXProject;
			attributes = {
				LastSwiftUpdateCheck = 0830;
				LastUpgradeCheck = 0830;
				ORGANIZATIONNAME = busride;
				TargetAttributes = {
					98F172E51F32EDB70044FD0D = {
						CreatedOnToolsVersion = 8.3.3;
						ProvisioningStyle = Automatic;
					};
					98F172F91F32EDB70044FD0D = {
						CreatedOnToolsVersion = 8.3.3;
						ProvisioningStyle = Automatic;
						TestTargetID = 98F172E51F32EDB70044FD0D;
					};
					98F173041F32EDB70044FD0D = {
						CreatedOnToolsVersion = 8.3.3;
						ProvisioningStyle = Automatic;
						TestTargetID = 98F172E51F32EDB70044FD0D;
					};
				};
			};
			buildConfigurationList = 98F172E11F32EDB70044FD0D /* Build configuration list for PBXProject "pyunrihae" */;
			compatibilityVersion = "Xcode 3.2";
			developmentRegion = English;
			hasScannedForEncodings = 0;
			knownRegions = (
				en,
				Base,
			);
			mainGroup = 98F172DD1F32EDB70044FD0D;
			productRefGroup = 98F172E71F32EDB70044FD0D /* Products */;
			projectDirPath = "";
			projectRoot = "";
			targets = (
				98F172E51F32EDB70044FD0D /* pyunrihae */,
				98F172F91F32EDB70044FD0D /* pyunrihaeTests */,
				98F173041F32EDB70044FD0D /* pyunrihaeUITests */,
			);
		};
/* End PBXProject section */

/* Begin PBXResourcesBuildPhase section */
		98F172E41F32EDB70044FD0D /* Resources */ = {
			isa = PBXResourcesBuildPhase;
			buildActionMask = 2147483647;
			files = (
				98F172F41F32EDB70044FD0D /* LaunchScreen.storyboard in Resources */,
				98F172F11F32EDB70044FD0D /* Assets.xcassets in Resources */,
				98F172EF1F32EDB70044FD0D /* Main.storyboard in Resources */,
			);
			runOnlyForDeploymentPostprocessing = 0;
		};
		98F172F81F32EDB70044FD0D /* Resources */ = {
			isa = PBXResourcesBuildPhase;
			buildActionMask = 2147483647;
			files = (
			);
			runOnlyForDeploymentPostprocessing = 0;
		};
		98F173031F32EDB70044FD0D /* Resources */ = {
			isa = PBXResourcesBuildPhase;
			buildActionMask = 2147483647;
			files = (
			);
			runOnlyForDeploymentPostprocessing = 0;
		};
/* End PBXResourcesBuildPhase section */

/* Begin PBXSourcesBuildPhase section */
		98F172E21F32EDB70044FD0D /* Sources */ = {
			isa = PBXSourcesBuildPhase;
			buildActionMask = 2147483647;
			files = (
				98F172EC1F32EDB70044FD0D /* ViewController.swift in Sources */,
				98F172EA1F32EDB70044FD0D /* AppDelegate.swift in Sources */,
			);
			runOnlyForDeploymentPostprocessing = 0;
		};
		98F172F61F32EDB70044FD0D /* Sources */ = {
			isa = PBXSourcesBuildPhase;
			buildActionMask = 2147483647;
			files = (
				98F172FF1F32EDB70044FD0D /* pyunrihaeTests.swift in Sources */,
			);
			runOnlyForDeploymentPostprocessing = 0;
		};
		98F173011F32EDB70044FD0D /* Sources */ = {
			isa = PBXSourcesBuildPhase;
			buildActionMask = 2147483647;
			files = (
				98F1730A1F32EDB70044FD0D /* pyunrihaeUITests.swift in Sources */,
			);
			runOnlyForDeploymentPostprocessing = 0;
		};
/* End PBXSourcesBuildPhase section */

/* Begin PBXTargetDependency section */
		98F172FC1F32EDB70044FD0D /* PBXTargetDependency */ = {
			isa = PBXTargetDependency;
			target = 98F172E51F32EDB70044FD0D /* pyunrihae */;
			targetProxy = 98F172FB1F32EDB70044FD0D /* PBXContainerItemProxy */;
		};
		98F173071F32EDB70044FD0D /* PBXTargetDependency */ = {
			isa = PBXTargetDependency;
			target = 98F172E51F32EDB70044FD0D /* pyunrihae */;
			targetProxy = 98F173061F32EDB70044FD0D /* PBXContainerItemProxy */;
		};
/* End PBXTargetDependency section */

/* Begin PBXVariantGroup section */
		98F172ED1F32EDB70044FD0D /* Main.storyboard */ = {
			isa = PBXVariantGroup;
			children = (
				98F172EE1F32EDB70044FD0D /* Base */,
			);
			name = Main.storyboard;
			sourceTree = "<group>";
		};
		98F172F21F32EDB70044FD0D /* LaunchScreen.storyboard */ = {
			isa = PBXVariantGroup;
			children = (
				98F172F31F32EDB70044FD0D /* Base */,
			);
			name = LaunchScreen.storyboard;
			sourceTree = "<group>";
		};
/* End PBXVariantGroup section */

/* Begin XCBuildConfiguration section */
		98F1730C1F32EDB80044FD0D /* Debug */ = {
			isa = XCBuildConfiguration;
			buildSettings = {
				ALWAYS_SEARCH_USER_PATHS = NO;
				CLANG_ANALYZER_NONNULL = YES;
				CLANG_ANALYZER_NUMBER_OBJECT_CONVERSION = YES_AGGRESSIVE;
				CLANG_CXX_LANGUAGE_STANDARD = "gnu++0x";
				CLANG_CXX_LIBRARY = "libc++";
				CLANG_ENABLE_MODULES = YES;
				CLANG_ENABLE_OBJC_ARC = YES;
				CLANG_WARN_BOOL_CONVERSION = YES;
				CLANG_WARN_CONSTANT_CONVERSION = YES;
				CLANG_WARN_DIRECT_OBJC_ISA_USAGE = YES_ERROR;
				CLANG_WARN_DOCUMENTATION_COMMENTS = YES;
				CLANG_WARN_EMPTY_BODY = YES;
				CLANG_WARN_ENUM_CONVERSION = YES;
				CLANG_WARN_INFINITE_RECURSION = YES;
				CLANG_WARN_INT_CONVERSION = YES;
				CLANG_WARN_OBJC_ROOT_CLASS = YES_ERROR;
				CLANG_WARN_SUSPICIOUS_MOVE = YES;
				CLANG_WARN_UNREACHABLE_CODE = YES;
				CLANG_WARN__DUPLICATE_METHOD_MATCH = YES;
				"CODE_SIGN_IDENTITY[sdk=iphoneos*]" = "iPhone Developer";
				COPY_PHASE_STRIP = NO;
				DEBUG_INFORMATION_FORMAT = dwarf;
				ENABLE_STRICT_OBJC_MSGSEND = YES;
				ENABLE_TESTABILITY = YES;
				GCC_C_LANGUAGE_STANDARD = gnu99;
				GCC_DYNAMIC_NO_PIC = NO;
				GCC_NO_COMMON_BLOCKS = YES;
				GCC_OPTIMIZATION_LEVEL = 0;
				GCC_PREPROCESSOR_DEFINITIONS = (
					"DEBUG=1",
					"$(inherited)",
				);
				GCC_WARN_64_TO_32_BIT_CONVERSION = YES;
				GCC_WARN_ABOUT_RETURN_TYPE = YES_ERROR;
				GCC_WARN_UNDECLARED_SELECTOR = YES;
				GCC_WARN_UNINITIALIZED_AUTOS = YES_AGGRESSIVE;
				GCC_WARN_UNUSED_FUNCTION = YES;
				GCC_WARN_UNUSED_VARIABLE = YES;
				IPHONEOS_DEPLOYMENT_TARGET = 10.3;
				MTL_ENABLE_DEBUG_INFO = YES;
				ONLY_ACTIVE_ARCH = YES;
				SDKROOT = iphoneos;
				SWIFT_ACTIVE_COMPILATION_CONDITIONS = DEBUG;
				SWIFT_OPTIMIZATION_LEVEL = "-Onone";
			};
			name = Debug;
		};
		98F1730D1F32EDB80044FD0D /* Release */ = {
			isa = XCBuildConfiguration;
			buildSettings = {
				ALWAYS_SEARCH_USER_PATHS = NO;
				CLANG_ANALYZER_NONNULL = YES;
				CLANG_ANALYZER_NUMBER_OBJECT_CONVERSION = YES_AGGRESSIVE;
				CLANG_CXX_LANGUAGE_STANDARD = "gnu++0x";
				CLANG_CXX_LIBRARY = "libc++";
				CLANG_ENABLE_MODULES = YES;
				CLANG_ENABLE_OBJC_ARC = YES;
				CLANG_WARN_BOOL_CONVERSION = YES;
				CLANG_WARN_CONSTANT_CONVERSION = YES;
				CLANG_WARN_DIRECT_OBJC_ISA_USAGE = YES_ERROR;
				CLANG_WARN_DOCUMENTATION_COMMENTS = YES;
				CLANG_WARN_EMPTY_BODY = YES;
				CLANG_WARN_ENUM_CONVERSION = YES;
				CLANG_WARN_INFINITE_RECURSION = YES;
				CLANG_WARN_INT_CONVERSION = YES;
				CLANG_WARN_OBJC_ROOT_CLASS = YES_ERROR;
				CLANG_WARN_SUSPICIOUS_MOVE = YES;
				CLANG_WARN_UNREACHABLE_CODE = YES;
				CLANG_WARN__DUPLICATE_METHOD_MATCH = YES;
				"CODE_SIGN_IDENTITY[sdk=iphoneos*]" = "iPhone Developer";
				COPY_PHASE_STRIP = NO;
				DEBUG_INFORMATION_FORMAT = "dwarf-with-dsym";
				ENABLE_NS_ASSERTIONS = NO;
				ENABLE_STRICT_OBJC_MSGSEND = YES;
				GCC_C_LANGUAGE_STANDARD = gnu99;
				GCC_NO_COMMON_BLOCKS = YES;
				GCC_WARN_64_TO_32_BIT_CONVERSION = YES;
				GCC_WARN_ABOUT_RETURN_TYPE = YES_ERROR;
				GCC_WARN_UNDECLARED_SELECTOR = YES;
				GCC_WARN_UNINITIALIZED_AUTOS = YES_AGGRESSIVE;
				GCC_WARN_UNUSED_FUNCTION = YES;
				GCC_WARN_UNUSED_VARIABLE = YES;
				IPHONEOS_DEPLOYMENT_TARGET = 10.3;
				MTL_ENABLE_DEBUG_INFO = NO;
				SDKROOT = iphoneos;
				SWIFT_OPTIMIZATION_LEVEL = "-Owholemodule";
				VALIDATE_PRODUCT = YES;
			};
			name = Release;
		};
		98F1730F1F32EDB80044FD0D /* Debug */ = {
			isa = XCBuildConfiguration;
			buildSettings = {
				ASSETCATALOG_COMPILER_APPICON_NAME = AppIcon;
				INFOPLIST_FILE = pyunrihae/Info.plist;
				LD_RUNPATH_SEARCH_PATHS = "$(inherited) @executable_path/Frameworks";
				PRODUCT_BUNDLE_IDENTIFIER = com.busride.pyunrihae;
				PRODUCT_NAME = "$(TARGET_NAME)";
				SWIFT_VERSION = 3.0;
			};
			name = Debug;
		};
		98F173101F32EDB80044FD0D /* Release */ = {
			isa = XCBuildConfiguration;
			buildSettings = {
				ASSETCATALOG_COMPILER_APPICON_NAME = AppIcon;
				INFOPLIST_FILE = pyunrihae/Info.plist;
				LD_RUNPATH_SEARCH_PATHS = "$(inherited) @executable_path/Frameworks";
				PRODUCT_BUNDLE_IDENTIFIER = com.busride.pyunrihae;
				PRODUCT_NAME = "$(TARGET_NAME)";
				SWIFT_VERSION = 3.0;
			};
			name = Release;
		};
		98F173121F32EDB80044FD0D /* Debug */ = {
			isa = XCBuildConfiguration;
			buildSettings = {
				ALWAYS_EMBED_SWIFT_STANDARD_LIBRARIES = YES;
				BUNDLE_LOADER = "$(TEST_HOST)";
				INFOPLIST_FILE = pyunrihaeTests/Info.plist;
				LD_RUNPATH_SEARCH_PATHS = "$(inherited) @executable_path/Frameworks @loader_path/Frameworks";
				PRODUCT_BUNDLE_IDENTIFIER = com.busride.pyunrihaeTests;
				PRODUCT_NAME = "$(TARGET_NAME)";
				SWIFT_VERSION = 3.0;
				TEST_HOST = "$(BUILT_PRODUCTS_DIR)/pyunrihae.app/pyunrihae";
			};
			name = Debug;
		};
		98F173131F32EDB80044FD0D /* Release */ = {
			isa = XCBuildConfiguration;
			buildSettings = {
				ALWAYS_EMBED_SWIFT_STANDARD_LIBRARIES = YES;
				BUNDLE_LOADER = "$(TEST_HOST)";
				INFOPLIST_FILE = pyunrihaeTests/Info.plist;
				LD_RUNPATH_SEARCH_PATHS = "$(inherited) @executable_path/Frameworks @loader_path/Frameworks";
				PRODUCT_BUNDLE_IDENTIFIER = com.busride.pyunrihaeTests;
				PRODUCT_NAME = "$(TARGET_NAME)";
				SWIFT_VERSION = 3.0;
				TEST_HOST = "$(BUILT_PRODUCTS_DIR)/pyunrihae.app/pyunrihae";
			};
			name = Release;
		};
		98F173151F32EDB80044FD0D /* Debug */ = {
			isa = XCBuildConfiguration;
			buildSettings = {
				ALWAYS_EMBED_SWIFT_STANDARD_LIBRARIES = YES;
				INFOPLIST_FILE = pyunrihaeUITests/Info.plist;
				LD_RUNPATH_SEARCH_PATHS = "$(inherited) @executable_path/Frameworks @loader_path/Frameworks";
				PRODUCT_BUNDLE_IDENTIFIER = com.busride.pyunrihaeUITests;
				PRODUCT_NAME = "$(TARGET_NAME)";
				SWIFT_VERSION = 3.0;
				TEST_TARGET_NAME = pyunrihae;
			};
			name = Debug;
		};
		98F173161F32EDB80044FD0D /* Release */ = {
			isa = XCBuildConfiguration;
			buildSettings = {
				ALWAYS_EMBED_SWIFT_STANDARD_LIBRARIES = YES;
				INFOPLIST_FILE = pyunrihaeUITests/Info.plist;
				LD_RUNPATH_SEARCH_PATHS = "$(inherited) @executable_path/Frameworks @loader_path/Frameworks";
				PRODUCT_BUNDLE_IDENTIFIER = com.busride.pyunrihaeUITests;
				PRODUCT_NAME = "$(TARGET_NAME)";
				SWIFT_VERSION = 3.0;
				TEST_TARGET_NAME = pyunrihae;
			};
			name = Release;
		};
/* End XCBuildConfiguration section */

/* Begin XCConfigurationList section */
		98F172E11F32EDB70044FD0D /* Build configuration list for PBXProject "pyunrihae" */ = {
			isa = XCConfigurationList;
			buildConfigurations = (
				98F1730C1F32EDB80044FD0D /* Debug */,
				98F1730D1F32EDB80044FD0D /* Release */,
			);
			defaultConfigurationIsVisible = 0;
			defaultConfigurationName = Release;
		};
		98F1730E1F32EDB80044FD0D /* Build configuration list for PBXNativeTarget "pyunrihae" */ = {
			isa = XCConfigurationList;
			buildConfigurations = (
				98F1730F1F32EDB80044FD0D /* Debug */,
				98F173101F32EDB80044FD0D /* Release */,
			);
			defaultConfigurationIsVisible = 0;
		};
		98F173111F32EDB80044FD0D /* Build configuration list for PBXNativeTarget "pyunrihaeTests" */ = {
			isa = XCConfigurationList;
			buildConfigurations = (
				98F173121F32EDB80044FD0D /* Debug */,
				98F173131F32EDB80044FD0D /* Release */,
			);
			defaultConfigurationIsVisible = 0;
		};
		98F173141F32EDB80044FD0D /* Build configuration list for PBXNativeTarget "pyunrihaeUITests" */ = {
			isa = XCConfigurationList;
			buildConfigurations = (
				98F173151F32EDB80044FD0D /* Debug */,
				98F173161F32EDB80044FD0D /* Release */,
			);
			defaultConfigurationIsVisible = 0;
		};
/* End XCConfigurationList section */
	};
	rootObject = 98F172DE1F32EDB70044FD0D /* Project object */;
}
